// !$*UTF8*$!
{
	archiveVersion = 1;
	classes = {
	};
	objectVersion = 54;
	objects = {

/* Begin PBXBuildFile section */
		9501DBCA26E9E1A500265D7E /* SyncSettingsView.swift in Sources */ = {isa = PBXBuildFile; fileRef = 9501DBC926E9E1A500265D7E /* SyncSettingsView.swift */; };
		9501DBCB26E9E1A500265D7E /* SyncSettingsView.swift in Sources */ = {isa = PBXBuildFile; fileRef = 9501DBC926E9E1A500265D7E /* SyncSettingsView.swift */; };
		9501DBCD26E9E1E200265D7E /* SyncSettingsState.swift in Sources */ = {isa = PBXBuildFile; fileRef = 9501DBCC26E9E1E200265D7E /* SyncSettingsState.swift */; };
		9501DBCE26E9E1E200265D7E /* SyncSettingsState.swift in Sources */ = {isa = PBXBuildFile; fileRef = 9501DBCC26E9E1E200265D7E /* SyncSettingsState.swift */; };
		9501DBD026E9E26300265D7E /* AboutView.swift in Sources */ = {isa = PBXBuildFile; fileRef = 9501DBCF26E9E26300265D7E /* AboutView.swift */; };
		9501DBD126E9E26300265D7E /* AboutView.swift in Sources */ = {isa = PBXBuildFile; fileRef = 9501DBCF26E9E26300265D7E /* AboutView.swift */; };
		9501DBD326E9E6E500265D7E /* ImageAsset.swift in Sources */ = {isa = PBXBuildFile; fileRef = 9501DBD226E9E6E500265D7E /* ImageAsset.swift */; };
		9501DBD426E9E6E500265D7E /* ImageAsset.swift in Sources */ = {isa = PBXBuildFile; fileRef = 9501DBD226E9E6E500265D7E /* ImageAsset.swift */; };
		950C70392548205A001BB318 /* Crypto in Frameworks */ = {isa = PBXBuildFile; productRef = 950C70382548205A001BB318 /* Crypto */; };
		950C703D2548206C001BB318 /* Crypto in Frameworks */ = {isa = PBXBuildFile; productRef = 950C703C2548206C001BB318 /* Crypto */; };
		9521837126D3E76A005AA5FB /* SetupContentView.swift in Sources */ = {isa = PBXBuildFile; fileRef = 9521837026D3E76A005AA5FB /* SetupContentView.swift */; };
		9521837226D3E76A005AA5FB /* SetupContentView.swift in Sources */ = {isa = PBXBuildFile; fileRef = 9521837026D3E76A005AA5FB /* SetupContentView.swift */; };
		9521CE3D26B5B85A0023F415 /* Persistence in Frameworks */ = {isa = PBXBuildFile; productRef = 9521CE3C26B5B85A0023F415 /* Persistence */; };
		9521CE3F26B5B8610023F415 /* Persistence in Frameworks */ = {isa = PBXBuildFile; productRef = 9521CE3E26B5B8610023F415 /* Persistence */; };
		9521CE4226B6D6BB0023F415 /* AppService.swift in Sources */ = {isa = PBXBuildFile; fileRef = 9521CE4126B6D6BB0023F415 /* AppService.swift */; };
		9521CE4326B6D6BB0023F415 /* AppService.swift in Sources */ = {isa = PBXBuildFile; fileRef = 9521CE4126B6D6BB0023F415 /* AppService.swift */; };
		9521CE4526B6D9A50023F415 /* AppServiceProtocol.swift in Sources */ = {isa = PBXBuildFile; fileRef = 9521CE4426B6D9A50023F415 /* AppServiceProtocol.swift */; };
		9521CE4626B6D9A50023F415 /* AppServiceProtocol.swift in Sources */ = {isa = PBXBuildFile; fileRef = 9521CE4426B6D9A50023F415 /* AppServiceProtocol.swift */; };
		9530DB61268F42E200247AFF /* SecureItemField.swift in Sources */ = {isa = PBXBuildFile; fileRef = 9530DB60268F42E200247AFF /* SecureItemField.swift */; };
		9530DB62268F42E200247AFF /* SecureItemField.swift in Sources */ = {isa = PBXBuildFile; fileRef = 9530DB60268F42E200247AFF /* SecureItemField.swift */; };
		953851152563E82B00C305F2 /* Format in Frameworks */ = {isa = PBXBuildFile; productRef = 953851142563E82B00C305F2 /* Format */; };
		953F1A4E269F6CC0006856E0 /* Configuration in Frameworks */ = {isa = PBXBuildFile; productRef = 953F1A4D269F6CC0006856E0 /* Configuration */; };
		953F1A50269F6CC4006856E0 /* Configuration in Frameworks */ = {isa = PBXBuildFile; productRef = 953F1A4F269F6CC4006856E0 /* Configuration */; };
		9542207B255183C1002F14AB /* Filestate.swift in Sources */ = {isa = PBXBuildFile; fileRef = 9542207A255183C1002F14AB /* Filestate.swift */; };
		9542207C255183C1002F14AB /* Filestate.swift in Sources */ = {isa = PBXBuildFile; fileRef = 9542207A255183C1002F14AB /* Filestate.swift */; };
		95422088255186A4002F14AB /* BankAccountInputField.swift in Sources */ = {isa = PBXBuildFile; fileRef = 95422087255186A4002F14AB /* BankAccountInputField.swift */; };
		95422089255186A4002F14AB /* BankAccountInputField.swift in Sources */ = {isa = PBXBuildFile; fileRef = 95422087255186A4002F14AB /* BankAccountInputField.swift */; };
		9542208D2551873C002F14AB /* BankCardInputField.swift in Sources */ = {isa = PBXBuildFile; fileRef = 9542208C2551873C002F14AB /* BankCardInputField.swift */; };
		9542208E2551873C002F14AB /* BankCardInputField.swift in Sources */ = {isa = PBXBuildFile; fileRef = 9542208C2551873C002F14AB /* BankCardInputField.swift */; };
		954220942551878E002F14AB /* CustomInputField.swift in Sources */ = {isa = PBXBuildFile; fileRef = 954220932551878E002F14AB /* CustomInputField.swift */; };
		954220952551878E002F14AB /* CustomInputField.swift in Sources */ = {isa = PBXBuildFile; fileRef = 954220932551878E002F14AB /* CustomInputField.swift */; };
		9542209925518815002F14AB /* FileInputField.swift in Sources */ = {isa = PBXBuildFile; fileRef = 9542209825518815002F14AB /* FileInputField.swift */; };
		9542209A25518815002F14AB /* FileInputField.swift in Sources */ = {isa = PBXBuildFile; fileRef = 9542209825518815002F14AB /* FileInputField.swift */; };
		9542209E25518847002F14AB /* LoginInputField.swift in Sources */ = {isa = PBXBuildFile; fileRef = 9542209D25518847002F14AB /* LoginInputField.swift */; };
		9542209F25518847002F14AB /* LoginInputField.swift in Sources */ = {isa = PBXBuildFile; fileRef = 9542209D25518847002F14AB /* LoginInputField.swift */; };
		954220A32551887B002F14AB /* NoteInputField.swift in Sources */ = {isa = PBXBuildFile; fileRef = 954220A22551887B002F14AB /* NoteInputField.swift */; };
		954220A42551887B002F14AB /* NoteInputField.swift in Sources */ = {isa = PBXBuildFile; fileRef = 954220A22551887B002F14AB /* NoteInputField.swift */; };
		954220A825518A5A002F14AB /* PasswordInputField.swift in Sources */ = {isa = PBXBuildFile; fileRef = 954220A725518A5A002F14AB /* PasswordInputField.swift */; };
		954220A925518A5A002F14AB /* PasswordInputField.swift in Sources */ = {isa = PBXBuildFile; fileRef = 954220A725518A5A002F14AB /* PasswordInputField.swift */; };
		954220AD25518A9C002F14AB /* WifiInputField.swift in Sources */ = {isa = PBXBuildFile; fileRef = 954220AC25518A9C002F14AB /* WifiInputField.swift */; };
		954220AE25518A9C002F14AB /* WifiInputField.swift in Sources */ = {isa = PBXBuildFile; fileRef = 954220AC25518A9C002F14AB /* WifiInputField.swift */; };
		9543A8B526AEE9A400830FE4 /* SecureItemTypeView.swift in Sources */ = {isa = PBXBuildFile; fileRef = 9543A8B426AEE9A400830FE4 /* SecureItemTypeView.swift */; };
		9543A8B626AEE9A400830FE4 /* SecureItemTypeView.swift in Sources */ = {isa = PBXBuildFile; fileRef = 9543A8B426AEE9A400830FE4 /* SecureItemTypeView.swift */; };
		9546356926DE4ABE001D81B7 /* AppServiceError.swift in Sources */ = {isa = PBXBuildFile; fileRef = 9546356826DE4ABE001D81B7 /* AppServiceError.swift */; };
		9546356A26DE4ABE001D81B7 /* AppServiceError.swift in Sources */ = {isa = PBXBuildFile; fileRef = 9546356826DE4ABE001D81B7 /* AppServiceError.swift */; };
		9546356C26DE4AE5001D81B7 /* AppServiceEvent.swift in Sources */ = {isa = PBXBuildFile; fileRef = 9546356B26DE4AE5001D81B7 /* AppServiceEvent.swift */; };
		9546356D26DE4AE5001D81B7 /* AppServiceEvent.swift in Sources */ = {isa = PBXBuildFile; fileRef = 9546356B26DE4AE5001D81B7 /* AppServiceEvent.swift */; };
		954EDBA126A54DD900E0732F /* LoginCredentialSelectionState.swift in Sources */ = {isa = PBXBuildFile; fileRef = 95D7E85A26A2D44C00F96D35 /* LoginCredentialSelectionState.swift */; };
		954EDBA226A54DD900E0732F /* QuickAccessState.swift in Sources */ = {isa = PBXBuildFile; fileRef = 95D7E85726A2D2A700F96D35 /* QuickAccessState.swift */; };
		954EDBA326A54DDA00E0732F /* LoginCredentialSelectionState.swift in Sources */ = {isa = PBXBuildFile; fileRef = 95D7E85A26A2D44C00F96D35 /* LoginCredentialSelectionState.swift */; };
		954EDBA426A54DDA00E0732F /* QuickAccessState.swift in Sources */ = {isa = PBXBuildFile; fileRef = 95D7E85726A2D2A700F96D35 /* QuickAccessState.swift */; };
		954EDBC726A54E0E00E0732F /* QuickAccessView.swift in Sources */ = {isa = PBXBuildFile; fileRef = 95842D6B256FBE2B0080711C /* QuickAccessView.swift */; };
		954EDBC826A54E0E00E0732F /* LoginCredentialSelectionView.swift in Sources */ = {isa = PBXBuildFile; fileRef = 95C994D92575592E00C3A758 /* LoginCredentialSelectionView.swift */; };
		954EDBC926A54E0E00E0732F /* QuickAccessView.swift in Sources */ = {isa = PBXBuildFile; fileRef = 95842D6B256FBE2B0080711C /* QuickAccessView.swift */; };
		954EDBCA26A54E0E00E0732F /* LoginCredentialSelectionView.swift in Sources */ = {isa = PBXBuildFile; fileRef = 95C994D92575592E00C3A758 /* LoginCredentialSelectionView.swift */; };
		9550ED7426949BCE00C519C2 /* Development.xcassets in Resources */ = {isa = PBXBuildFile; fileRef = 9583624724D1643700C10BBB /* Development.xcassets */; };
		9550ED762694AC0B00C519C2 /* MasterPasswordSettingsState.swift in Sources */ = {isa = PBXBuildFile; fileRef = 9550ED752694AC0B00C519C2 /* MasterPasswordSettingsState.swift */; };
		9550ED772694AC0B00C519C2 /* MasterPasswordSettingsState.swift in Sources */ = {isa = PBXBuildFile; fileRef = 9550ED752694AC0B00C519C2 /* MasterPasswordSettingsState.swift */; };
		955180452695CBF7002783D6 /* SecuritySettingsState.swift in Sources */ = {isa = PBXBuildFile; fileRef = 955180442695CBF7002783D6 /* SecuritySettingsState.swift */; };
		955180462695CBF7002783D6 /* SecuritySettingsState.swift in Sources */ = {isa = PBXBuildFile; fileRef = 955180442695CBF7002783D6 /* SecuritySettingsState.swift */; };
		955180482695CDE5002783D6 /* SecuritySettingsView.swift in Sources */ = {isa = PBXBuildFile; fileRef = 955180472695CDE5002783D6 /* SecuritySettingsView.swift */; };
		955180492695CDE5002783D6 /* SecuritySettingsView.swift in Sources */ = {isa = PBXBuildFile; fileRef = 955180472695CDE5002783D6 /* SecuritySettingsView.swift */; };
		9551D3B32680CACA0000BC44 /* FailureView.swift in Sources */ = {isa = PBXBuildFile; fileRef = 9551D3B22680CACA0000BC44 /* FailureView.swift */; };
		9551D3B42680CACA0000BC44 /* FailureView.swift in Sources */ = {isa = PBXBuildFile; fileRef = 9551D3B22680CACA0000BC44 /* FailureView.swift */; };
		9551D3B62680DFB40000BC44 /* ConfidentialText.swift in Sources */ = {isa = PBXBuildFile; fileRef = 9551D3B52680DFB40000BC44 /* ConfidentialText.swift */; };
		9551D3B72680DFB40000BC44 /* ConfidentialText.swift in Sources */ = {isa = PBXBuildFile; fileRef = 9551D3B52680DFB40000BC44 /* ConfidentialText.swift */; };
		9560767226EC8E4A00EE0D3A /* Transfer in Frameworks */ = {isa = PBXBuildFile; productRef = 9560767126EC8E4A00EE0D3A /* Transfer */; };
		9560767426EC8E5500EE0D3A /* Transfer in Frameworks */ = {isa = PBXBuildFile; productRef = 9560767326EC8E5500EE0D3A /* Transfer */; };
		9560767826ED03D600EE0D3A /* Collection in Frameworks */ = {isa = PBXBuildFile; productRef = 9560767726ED03D600EE0D3A /* Collection */; };
		9560767A26ED03E800EE0D3A /* Collection in Frameworks */ = {isa = PBXBuildFile; productRef = 9560767926ED03E800EE0D3A /* Collection */; };
		956307292535ACAA0076022A /* SelectItemTypeView.swift in Sources */ = {isa = PBXBuildFile; fileRef = 956307282535ACAA0076022A /* SelectItemTypeView.swift */; };
		9563072A2535ACAA0076022A /* SelectItemTypeView.swift in Sources */ = {isa = PBXBuildFile; fileRef = 956307282535ACAA0076022A /* SelectItemTypeView.swift */; };
		956A8B7326EB9F3E0072053C /* StoreSettingsView.swift in Sources */ = {isa = PBXBuildFile; fileRef = 956A8B7226EB9F3E0072053C /* StoreSettingsView.swift */; };
		956A8B7426EB9F3E0072053C /* StoreSettingsView.swift in Sources */ = {isa = PBXBuildFile; fileRef = 956A8B7226EB9F3E0072053C /* StoreSettingsView.swift */; };
		956A8B7626EB9FB30072053C /* StoreSettingsState.swift in Sources */ = {isa = PBXBuildFile; fileRef = 956A8B7526EB9FB30072053C /* StoreSettingsState.swift */; };
		956A8B7726EB9FB30072053C /* StoreSettingsState.swift in Sources */ = {isa = PBXBuildFile; fileRef = 956A8B7526EB9FB30072053C /* StoreSettingsState.swift */; };
		956D1A2126B8380D00A4ABF7 /* AppServiceBiometry.swift in Sources */ = {isa = PBXBuildFile; fileRef = 956D1A2026B8380D00A4ABF7 /* AppServiceBiometry.swift */; };
		956D1A2226B8380D00A4ABF7 /* AppServiceBiometry.swift in Sources */ = {isa = PBXBuildFile; fileRef = 956D1A2026B8380D00A4ABF7 /* AppServiceBiometry.swift */; };
		9574322A24AA05430062B05A /* App.swift in Sources */ = {isa = PBXBuildFile; fileRef = 9574322424AA05430062B05A /* App.swift */; };
		9574326E24AA081B0062B05A /* NoteItemState.swift in Sources */ = {isa = PBXBuildFile; fileRef = 9574324424AA08190062B05A /* NoteItemState.swift */; };
		9574326F24AA081B0062B05A /* NoteItemState.swift in Sources */ = {isa = PBXBuildFile; fileRef = 9574324424AA08190062B05A /* NoteItemState.swift */; };
		9574327624AA081B0062B05A /* SettingsState.swift in Sources */ = {isa = PBXBuildFile; fileRef = 9574324824AA081A0062B05A /* SettingsState.swift */; };
		9574327724AA081B0062B05A /* SettingsState.swift in Sources */ = {isa = PBXBuildFile; fileRef = 9574324824AA081A0062B05A /* SettingsState.swift */; };
		9574327824AA081B0062B05A /* LoginItemState.swift in Sources */ = {isa = PBXBuildFile; fileRef = 9574324924AA081A0062B05A /* LoginItemState.swift */; };
		9574327924AA081B0062B05A /* LoginItemState.swift in Sources */ = {isa = PBXBuildFile; fileRef = 9574324924AA081A0062B05A /* LoginItemState.swift */; };
		9574327E24AA081B0062B05A /* StoreItemEditState.swift in Sources */ = {isa = PBXBuildFile; fileRef = 9574324C24AA081A0062B05A /* StoreItemEditState.swift */; };
		9574327F24AA081B0062B05A /* StoreItemEditState.swift in Sources */ = {isa = PBXBuildFile; fileRef = 9574324C24AA081A0062B05A /* StoreItemEditState.swift */; };
		9574328624AA081B0062B05A /* StoreItemDetailState.swift in Sources */ = {isa = PBXBuildFile; fileRef = 9574325024AA081A0062B05A /* StoreItemDetailState.swift */; };
		9574328724AA081B0062B05A /* StoreItemDetailState.swift in Sources */ = {isa = PBXBuildFile; fileRef = 9574325024AA081A0062B05A /* StoreItemDetailState.swift */; };
		9574329224AA081B0062B05A /* BankAccountItemState.swift in Sources */ = {isa = PBXBuildFile; fileRef = 9574325624AA081A0062B05A /* BankAccountItemState.swift */; };
		9574329324AA081B0062B05A /* BankAccountItemState.swift in Sources */ = {isa = PBXBuildFile; fileRef = 9574325624AA081A0062B05A /* BankAccountItemState.swift */; };
		9574329424AA081B0062B05A /* WifiItemState.swift in Sources */ = {isa = PBXBuildFile; fileRef = 9574325724AA081A0062B05A /* WifiItemState.swift */; };
		9574329524AA081B0062B05A /* WifiItemState.swift in Sources */ = {isa = PBXBuildFile; fileRef = 9574325724AA081A0062B05A /* WifiItemState.swift */; };
		9574329624AA081B0062B05A /* PasswordItemState.swift in Sources */ = {isa = PBXBuildFile; fileRef = 9574325824AA081A0062B05A /* PasswordItemState.swift */; };
		9574329724AA081B0062B05A /* PasswordItemState.swift in Sources */ = {isa = PBXBuildFile; fileRef = 9574325824AA081A0062B05A /* PasswordItemState.swift */; };
		957432A424AA081B0062B05A /* UnlockedState.swift in Sources */ = {isa = PBXBuildFile; fileRef = 9574325F24AA081A0062B05A /* UnlockedState.swift */; };
		957432A524AA081B0062B05A /* UnlockedState.swift in Sources */ = {isa = PBXBuildFile; fileRef = 9574325F24AA081A0062B05A /* UnlockedState.swift */; };
		957432A624AA081B0062B05A /* BankCardItemState.swift in Sources */ = {isa = PBXBuildFile; fileRef = 9574326024AA081A0062B05A /* BankCardItemState.swift */; };
		957432A724AA081B0062B05A /* BankCardItemState.swift in Sources */ = {isa = PBXBuildFile; fileRef = 9574326024AA081A0062B05A /* BankCardItemState.swift */; };
		957432AA24AA081B0062B05A /* CustomItemState.swift in Sources */ = {isa = PBXBuildFile; fileRef = 9574326224AA081A0062B05A /* CustomItemState.swift */; };
		957432AB24AA081B0062B05A /* CustomItemState.swift in Sources */ = {isa = PBXBuildFile; fileRef = 9574326224AA081A0062B05A /* CustomItemState.swift */; };
		9574333924AA135E0062B05A /* SetupView.swift in Sources */ = {isa = PBXBuildFile; fileRef = 957432FF24AA135D0062B05A /* SetupView.swift */; };
		9574333A24AA135E0062B05A /* SetupView.swift in Sources */ = {isa = PBXBuildFile; fileRef = 957432FF24AA135D0062B05A /* SetupView.swift */; };
		9574333F24AA135E0062B05A /* MasterPasswordSettingsView.swift in Sources */ = {isa = PBXBuildFile; fileRef = 9574330224AA135D0062B05A /* MasterPasswordSettingsView.swift */; };
		9574334024AA135E0062B05A /* MasterPasswordSettingsView.swift in Sources */ = {isa = PBXBuildFile; fileRef = 9574330224AA135D0062B05A /* MasterPasswordSettingsView.swift */; };
		9574334624AA135E0062B05A /* AppView.swift in Sources */ = {isa = PBXBuildFile; fileRef = 9574330524AA135D0062B05A /* AppView.swift */; };
		9574334F24AA135E0062B05A /* SettingsView.swift in Sources */ = {isa = PBXBuildFile; fileRef = 9574330A24AA135D0062B05A /* SettingsView.swift */; };
		9574335024AA135E0062B05A /* SettingsView.swift in Sources */ = {isa = PBXBuildFile; fileRef = 9574330A24AA135D0062B05A /* SettingsView.swift */; };
		9574335B24AA135E0062B05A /* LockedView.swift in Sources */ = {isa = PBXBuildFile; fileRef = 9574331024AA135E0062B05A /* LockedView.swift */; };
		9574335C24AA135E0062B05A /* LockedView.swift in Sources */ = {isa = PBXBuildFile; fileRef = 9574331024AA135E0062B05A /* LockedView.swift */; };
		9574335D24AA135E0062B05A /* StoreItemDetailView.swift in Sources */ = {isa = PBXBuildFile; fileRef = 9574331124AA135E0062B05A /* StoreItemDetailView.swift */; };
		9574335E24AA135E0062B05A /* StoreItemDetailView.swift in Sources */ = {isa = PBXBuildFile; fileRef = 9574331124AA135E0062B05A /* StoreItemDetailView.swift */; };
		9574337924AA23D30062B05A /* StoreItemEditView.swift in Sources */ = {isa = PBXBuildFile; fileRef = 9574337024AA23D30062B05A /* StoreItemEditView.swift */; };
		9574337A24AA23D30062B05A /* UnlockedView.swift in Sources */ = {isa = PBXBuildFile; fileRef = 9574337124AA23D30062B05A /* UnlockedView.swift */; };
		95775EC426906C1F005D2221 /* StoreItemDisplayView.swift in Sources */ = {isa = PBXBuildFile; fileRef = 95775EC326906C1F005D2221 /* StoreItemDisplayView.swift */; };
		95775EC526906C1F005D2221 /* StoreItemDisplayView.swift in Sources */ = {isa = PBXBuildFile; fileRef = 95775EC326906C1F005D2221 /* StoreItemDisplayView.swift */; };
		957D681426CABAA300E277F4 /* SFSymbol.swift in Sources */ = {isa = PBXBuildFile; fileRef = 957D681326CABAA300E277F4 /* SFSymbol.swift */; };
		957D681526CABAA300E277F4 /* SFSymbol.swift in Sources */ = {isa = PBXBuildFile; fileRef = 957D681326CABAA300E277F4 /* SFSymbol.swift */; };
		957D681726CABC2B00E277F4 /* LocalizedStringKey.swift in Sources */ = {isa = PBXBuildFile; fileRef = 957D681626CABC2B00E277F4 /* LocalizedStringKey.swift */; };
		957D681826CABC2B00E277F4 /* LocalizedStringKey.swift in Sources */ = {isa = PBXBuildFile; fileRef = 957D681626CABC2B00E277F4 /* LocalizedStringKey.swift */; };
		957D681B26CABC5700E277F4 /* Localizable.strings in Resources */ = {isa = PBXBuildFile; fileRef = 957D681926CABC5700E277F4 /* Localizable.strings */; };
		957D681C26CABC5700E277F4 /* Localizable.strings in Resources */ = {isa = PBXBuildFile; fileRef = 957D681926CABC5700E277F4 /* Localizable.strings */; };
		9583BDD826AAF480003BE064 /* CreateItemView.swift in Sources */ = {isa = PBXBuildFile; fileRef = 9583BDD726AAF480003BE064 /* CreateItemView.swift */; };
		9583BDD926AAF480003BE064 /* CreateItemView.swift in Sources */ = {isa = PBXBuildFile; fileRef = 9583BDD726AAF480003BE064 /* CreateItemView.swift */; };
		9583BDDB26AAF4DD003BE064 /* CreateItemState.swift in Sources */ = {isa = PBXBuildFile; fileRef = 9583BDDA26AAF4DD003BE064 /* CreateItemState.swift */; };
		9583BDDC26AAF4DD003BE064 /* CreateItemState.swift in Sources */ = {isa = PBXBuildFile; fileRef = 9583BDDA26AAF4DD003BE064 /* CreateItemState.swift */; };
		9583BDDE26AB0105003BE064 /* SecureItemState.swift in Sources */ = {isa = PBXBuildFile; fileRef = 9583BDDD26AB0105003BE064 /* SecureItemState.swift */; };
		9583BDDF26AB0105003BE064 /* SecureItemState.swift in Sources */ = {isa = PBXBuildFile; fileRef = 9583BDDD26AB0105003BE064 /* SecureItemState.swift */; };
		9583BDE526AB0749003BE064 /* SecureItemView.swift in Sources */ = {isa = PBXBuildFile; fileRef = 9583BDE426AB0749003BE064 /* SecureItemView.swift */; };
		9583BDE626AB0749003BE064 /* SecureItemView.swift in Sources */ = {isa = PBXBuildFile; fileRef = 9583BDE426AB0749003BE064 /* SecureItemView.swift */; };
		958422EC26BC3D400084D319 /* Haptic in Frameworks */ = {isa = PBXBuildFile; productRef = 958422EB26BC3D400084D319 /* Haptic */; };
		958422EE26BC3D480084D319 /* Haptic in Frameworks */ = {isa = PBXBuildFile; productRef = 958422ED26BC3D480084D319 /* Haptic */; };
		9584698426D61A68007A56E3 /* PasswordInput.swift in Sources */ = {isa = PBXBuildFile; fileRef = 9584698326D61A68007A56E3 /* PasswordInput.swift */; };
		9584698526D61A68007A56E3 /* PasswordInput.swift in Sources */ = {isa = PBXBuildFile; fileRef = 9584698326D61A68007A56E3 /* PasswordInput.swift */; };
		958648FB251E11130081DF08 /* Field.swift in Sources */ = {isa = PBXBuildFile; fileRef = 958648FA251E11130081DF08 /* Field.swift */; };
		958648FC251E11130081DF08 /* Field.swift in Sources */ = {isa = PBXBuildFile; fileRef = 958648FA251E11130081DF08 /* Field.swift */; };
		95864905251E11930081DF08 /* SecureToggleStyle.swift in Sources */ = {isa = PBXBuildFile; fileRef = 95864904251E11930081DF08 /* SecureToggleStyle.swift */; };
		95864906251E11930081DF08 /* SecureToggleStyle.swift in Sources */ = {isa = PBXBuildFile; fileRef = 95864904251E11930081DF08 /* SecureToggleStyle.swift */; };
		9586490F251E12060081DF08 /* LoginField.swift in Sources */ = {isa = PBXBuildFile; fileRef = 9586490E251E12060081DF08 /* LoginField.swift */; };
		95864910251E12060081DF08 /* LoginField.swift in Sources */ = {isa = PBXBuildFile; fileRef = 9586490E251E12060081DF08 /* LoginField.swift */; };
		95864914251E126E0081DF08 /* PasswordField.swift in Sources */ = {isa = PBXBuildFile; fileRef = 95864913251E126E0081DF08 /* PasswordField.swift */; };
		95864915251E126E0081DF08 /* PasswordField.swift in Sources */ = {isa = PBXBuildFile; fileRef = 95864913251E126E0081DF08 /* PasswordField.swift */; };
		95864919251E12AA0081DF08 /* FileField.swift in Sources */ = {isa = PBXBuildFile; fileRef = 95864918251E12AA0081DF08 /* FileField.swift */; };
		9586491A251E12AA0081DF08 /* FileField.swift in Sources */ = {isa = PBXBuildFile; fileRef = 95864918251E12AA0081DF08 /* FileField.swift */; };
		9586491E251E12D00081DF08 /* NoteField.swift in Sources */ = {isa = PBXBuildFile; fileRef = 9586491D251E12D00081DF08 /* NoteField.swift */; };
		9586491F251E12D00081DF08 /* NoteField.swift in Sources */ = {isa = PBXBuildFile; fileRef = 9586491D251E12D00081DF08 /* NoteField.swift */; };
		95864923251E13210081DF08 /* BankCardField.swift in Sources */ = {isa = PBXBuildFile; fileRef = 95864922251E13210081DF08 /* BankCardField.swift */; };
		95864924251E13210081DF08 /* BankCardField.swift in Sources */ = {isa = PBXBuildFile; fileRef = 95864922251E13210081DF08 /* BankCardField.swift */; };
		95864928251E137C0081DF08 /* WifiField.swift in Sources */ = {isa = PBXBuildFile; fileRef = 95864927251E137C0081DF08 /* WifiField.swift */; };
		95864929251E137C0081DF08 /* WifiField.swift in Sources */ = {isa = PBXBuildFile; fileRef = 95864927251E137C0081DF08 /* WifiField.swift */; };
		95864932251E13EE0081DF08 /* CustomField.swift in Sources */ = {isa = PBXBuildFile; fileRef = 95864931251E13EE0081DF08 /* CustomField.swift */; };
		95864933251E13EE0081DF08 /* CustomField.swift in Sources */ = {isa = PBXBuildFile; fileRef = 95864931251E13EE0081DF08 /* CustomField.swift */; };
		9586493E251E14AD0081DF08 /* DateFooter.swift in Sources */ = {isa = PBXBuildFile; fileRef = 9586493D251E14AD0081DF08 /* DateFooter.swift */; };
		9586493F251E14AD0081DF08 /* DateFooter.swift in Sources */ = {isa = PBXBuildFile; fileRef = 9586493D251E14AD0081DF08 /* DateFooter.swift */; };
		9586495B251E24A60081DF08 /* BankAccountField.swift in Sources */ = {isa = PBXBuildFile; fileRef = 9586495A251E24A60081DF08 /* BankAccountField.swift */; };
		9586495C251E24A60081DF08 /* BankAccountField.swift in Sources */ = {isa = PBXBuildFile; fileRef = 9586495A251E24A60081DF08 /* BankAccountField.swift */; };
		9588438925397F3100732E35 /* PasswordGeneratorView.swift in Sources */ = {isa = PBXBuildFile; fileRef = 9588438825397F3100732E35 /* PasswordGeneratorView.swift */; };
		9588438A25397F3100732E35 /* PasswordGeneratorView.swift in Sources */ = {isa = PBXBuildFile; fileRef = 9588438825397F3100732E35 /* PasswordGeneratorView.swift */; };
		958E17EB24ABD4DB00487EA4 /* App.swift in Sources */ = {isa = PBXBuildFile; fileRef = 9574322424AA05430062B05A /* App.swift */; };
		958E17EE24ABD71400487EA4 /* StoreItemEditView.swift in Sources */ = {isa = PBXBuildFile; fileRef = 9574337024AA23D30062B05A /* StoreItemEditView.swift */; };
		9593E8F8268C8CC5000FCC0F /* PasswordGeneratorState.swift in Sources */ = {isa = PBXBuildFile; fileRef = 9593E8F7268C8CC5000FCC0F /* PasswordGeneratorState.swift */; };
		9593E8F9268C8CC5000FCC0F /* PasswordGeneratorState.swift in Sources */ = {isa = PBXBuildFile; fileRef = 9593E8F7268C8CC5000FCC0F /* PasswordGeneratorState.swift */; };
		95942D5326E7A2A1005E0151 /* StoreInfoSettingsState.swift in Sources */ = {isa = PBXBuildFile; fileRef = 95942D5226E7A2A1005E0151 /* StoreInfoSettingsState.swift */; };
		95942D5426E7A2A1005E0151 /* StoreInfoSettingsState.swift in Sources */ = {isa = PBXBuildFile; fileRef = 95942D5226E7A2A1005E0151 /* StoreInfoSettingsState.swift */; };
		95942D5626E7A2E7005E0151 /* StoreInfoSettingsView.swift in Sources */ = {isa = PBXBuildFile; fileRef = 95942D5526E7A2E7005E0151 /* StoreInfoSettingsView.swift */; };
		95942D5726E7A2E7005E0151 /* StoreInfoSettingsView.swift in Sources */ = {isa = PBXBuildFile; fileRef = 95942D5526E7A2E7005E0151 /* StoreInfoSettingsView.swift */; };
		95971DC22683D5B40076961D /* LoginCredentialField.swift in Sources */ = {isa = PBXBuildFile; fileRef = 959E5825257FDFB000E09777 /* LoginCredentialField.swift */; };
		95971DC32683D5B60076961D /* LoginCredentialField.swift in Sources */ = {isa = PBXBuildFile; fileRef = 959E5825257FDFB000E09777 /* LoginCredentialField.swift */; };
		9597995C26F47E770059EB11 /* Common in Frameworks */ = {isa = PBXBuildFile; productRef = 9597995B26F47E770059EB11 /* Common */; };
		9597995E26F47E810059EB11 /* Common in Frameworks */ = {isa = PBXBuildFile; productRef = 9597995D26F47E810059EB11 /* Common */; };
		95AA68DB2565420E00616D56 /* Format in Frameworks */ = {isa = PBXBuildFile; productRef = 95AA68DA2565420E00616D56 /* Format */; };
		95ABC96124A9D5AA009D87A4 /* Pasteboard in Frameworks */ = {isa = PBXBuildFile; productRef = 95ABC96024A9D5AA009D87A4 /* Pasteboard */; };
		95ABC96324A9D5AA009D87A4 /* Preferences in Frameworks */ = {isa = PBXBuildFile; productRef = 95ABC96224A9D5AA009D87A4 /* Preferences */; };
		95ABC96524A9D5AA009D87A4 /* Search in Frameworks */ = {isa = PBXBuildFile; productRef = 95ABC96424A9D5AA009D87A4 /* Search */; };
		95ABC96D24A9D5B8009D87A4 /* Pasteboard in Frameworks */ = {isa = PBXBuildFile; productRef = 95ABC96C24A9D5B8009D87A4 /* Pasteboard */; };
		95ABC96F24A9D5B8009D87A4 /* Preferences in Frameworks */ = {isa = PBXBuildFile; productRef = 95ABC96E24A9D5B8009D87A4 /* Preferences */; };
		95ABC97124A9D5B8009D87A4 /* Search in Frameworks */ = {isa = PBXBuildFile; productRef = 95ABC97024A9D5B8009D87A4 /* Search */; };
		95ADC33826849ED800BE3DFF /* Model in Frameworks */ = {isa = PBXBuildFile; productRef = 95ADC33726849ED800BE3DFF /* Model */; };
		95ADC33A26849EE200BE3DFF /* Model in Frameworks */ = {isa = PBXBuildFile; productRef = 95ADC33926849EE200BE3DFF /* Model */; };
		95ADC3402684CA5D00BE3DFF /* AppState.swift in Sources */ = {isa = PBXBuildFile; fileRef = 95ADC33F2684CA5D00BE3DFF /* AppState.swift */; };
		95ADC3412684CA5D00BE3DFF /* AppState.swift in Sources */ = {isa = PBXBuildFile; fileRef = 95ADC33F2684CA5D00BE3DFF /* AppState.swift */; };
		95ADC3432684CCC000BE3DFF /* SetupState.swift in Sources */ = {isa = PBXBuildFile; fileRef = 95ADC3422684CCC000BE3DFF /* SetupState.swift */; };
		95ADC3442684CCC000BE3DFF /* SetupState.swift in Sources */ = {isa = PBXBuildFile; fileRef = 95ADC3422684CCC000BE3DFF /* SetupState.swift */; };
		95ADC3462684CD7600BE3DFF /* LockedState.swift in Sources */ = {isa = PBXBuildFile; fileRef = 95ADC3452684CD7600BE3DFF /* LockedState.swift */; };
		95ADC3472684CD7600BE3DFF /* LockedState.swift in Sources */ = {isa = PBXBuildFile; fileRef = 95ADC3452684CD7600BE3DFF /* LockedState.swift */; };
		95B0217E26EA48D100969F95 /* Info.swift in Sources */ = {isa = PBXBuildFile; fileRef = 95B0217D26EA48D100969F95 /* Info.swift */; };
		95B0217F26EA48D100969F95 /* Info.swift in Sources */ = {isa = PBXBuildFile; fileRef = 95B0217D26EA48D100969F95 /* Info.swift */; };
		95B63C5724AB98DC00152E55 /* UnlockedView.swift in Sources */ = {isa = PBXBuildFile; fileRef = 9574337124AA23D30062B05A /* UnlockedView.swift */; };
		95B63C5A24ABA24D00152E55 /* AppView.swift in Sources */ = {isa = PBXBuildFile; fileRef = 9574330524AA135D0062B05A /* AppView.swift */; };
		95BA9594268C535800B59DAC /* Sync in Frameworks */ = {isa = PBXBuildFile; productRef = 95BA9593268C535800B59DAC /* Sync */; };
		95BA9596268C535F00B59DAC /* Sync in Frameworks */ = {isa = PBXBuildFile; productRef = 95BA9595268C535F00B59DAC /* Sync */; };
		95C07B3D26B53E7500E3D4DA /* Shim in Frameworks */ = {isa = PBXBuildFile; productRef = 95C07B3C26B53E7500E3D4DA /* Shim */; };
		95C07B3F26B53E7C00E3D4DA /* Shim in Frameworks */ = {isa = PBXBuildFile; productRef = 95C07B3E26B53E7C00E3D4DA /* Shim */; };
		95C90C2E2520B13C00860CAE /* MessageButtonStyle.swift in Sources */ = {isa = PBXBuildFile; fileRef = 95C90C2D2520B13C00860CAE /* MessageButtonStyle.swift */; };
		95C90C2F2520B13C00860CAE /* MessageButtonStyle.swift in Sources */ = {isa = PBXBuildFile; fileRef = 95C90C2D2520B13C00860CAE /* MessageButtonStyle.swift */; };
		95E6BC0E26EB4CD700A28DA4 /* InfoField.swift in Sources */ = {isa = PBXBuildFile; fileRef = 95E6BC0D26EB4CD700A28DA4 /* InfoField.swift */; };
		95E6BC0F26EB4CD700A28DA4 /* InfoField.swift in Sources */ = {isa = PBXBuildFile; fileRef = 95E6BC0D26EB4CD700A28DA4 /* InfoField.swift */; };
		95E6BC1126EB545000A28DA4 /* AppServiceStoreInfo.swift in Sources */ = {isa = PBXBuildFile; fileRef = 95E6BC1026EB545000A28DA4 /* AppServiceStoreInfo.swift */; };
		95E6BC1226EB545000A28DA4 /* AppServiceStoreInfo.swift in Sources */ = {isa = PBXBuildFile; fileRef = 95E6BC1026EB545000A28DA4 /* AppServiceStoreInfo.swift */; };
		95F5ECAF26BC26A0008CF944 /* Development.xcassets in Resources */ = {isa = PBXBuildFile; fileRef = 9583624724D1643700C10BBB /* Development.xcassets */; };
		95F7102B26B915EF003C8CF6 /* Production.xcassets in Resources */ = {isa = PBXBuildFile; fileRef = 95F7102A26B915EF003C8CF6 /* Production.xcassets */; };
		95F7102C26B91604003C8CF6 /* Production.xcassets in Resources */ = {isa = PBXBuildFile; fileRef = 95F7102A26B915EF003C8CF6 /* Production.xcassets */; };
		95F72FF224EFDF52000E6E83 /* StoreItemInfoView.swift in Sources */ = {isa = PBXBuildFile; fileRef = 95F72FF124EFDF52000E6E83 /* StoreItemInfoView.swift */; };
		95F72FF324EFDF52000E6E83 /* StoreItemInfoView.swift in Sources */ = {isa = PBXBuildFile; fileRef = 95F72FF124EFDF52000E6E83 /* StoreItemInfoView.swift */; };
		95F9B38B26BD536700EA6441 /* MasterPasswordSetupView.swift in Sources */ = {isa = PBXBuildFile; fileRef = 95F9B38A26BD536700EA6441 /* MasterPasswordSetupView.swift */; };
		95F9B38C26BD536700EA6441 /* MasterPasswordSetupView.swift in Sources */ = {isa = PBXBuildFile; fileRef = 95F9B38A26BD536700EA6441 /* MasterPasswordSetupView.swift */; };
		95F9B38E26BD53D600EA6441 /* MasterPasswordSetupState.swift in Sources */ = {isa = PBXBuildFile; fileRef = 95F9B38D26BD53D600EA6441 /* MasterPasswordSetupState.swift */; };
		95F9B38F26BD53D600EA6441 /* MasterPasswordSetupState.swift in Sources */ = {isa = PBXBuildFile; fileRef = 95F9B38D26BD53D600EA6441 /* MasterPasswordSetupState.swift */; };
		95F9B39126BD65B300EA6441 /* RepeatMasterPasswordSetupView.swift in Sources */ = {isa = PBXBuildFile; fileRef = 95F9B39026BD65B300EA6441 /* RepeatMasterPasswordSetupView.swift */; };
		95F9B39226BD65B300EA6441 /* RepeatMasterPasswordSetupView.swift in Sources */ = {isa = PBXBuildFile; fileRef = 95F9B39026BD65B300EA6441 /* RepeatMasterPasswordSetupView.swift */; };
		95F9B39426BD661800EA6441 /* RepeatMasterPasswordSetupState.swift in Sources */ = {isa = PBXBuildFile; fileRef = 95F9B39326BD661800EA6441 /* RepeatMasterPasswordSetupState.swift */; };
		95F9B39526BD661800EA6441 /* RepeatMasterPasswordSetupState.swift in Sources */ = {isa = PBXBuildFile; fileRef = 95F9B39326BD661800EA6441 /* RepeatMasterPasswordSetupState.swift */; };
		95F9B39726BD66AF00EA6441 /* BiometrySetupState.swift in Sources */ = {isa = PBXBuildFile; fileRef = 95F9B39626BD66AF00EA6441 /* BiometrySetupState.swift */; };
		95F9B39826BD66AF00EA6441 /* BiometrySetupState.swift in Sources */ = {isa = PBXBuildFile; fileRef = 95F9B39626BD66AF00EA6441 /* BiometrySetupState.swift */; };
		95F9B39A26BD66DA00EA6441 /* FinishSetupState.swift in Sources */ = {isa = PBXBuildFile; fileRef = 95F9B39926BD66DA00EA6441 /* FinishSetupState.swift */; };
		95F9B39B26BD66DA00EA6441 /* FinishSetupState.swift in Sources */ = {isa = PBXBuildFile; fileRef = 95F9B39926BD66DA00EA6441 /* FinishSetupState.swift */; };
		95F9B39D26BD675A00EA6441 /* BiometrySetupView.swift in Sources */ = {isa = PBXBuildFile; fileRef = 95F9B39C26BD675A00EA6441 /* BiometrySetupView.swift */; };
		95F9B39E26BD675A00EA6441 /* BiometrySetupView.swift in Sources */ = {isa = PBXBuildFile; fileRef = 95F9B39C26BD675A00EA6441 /* BiometrySetupView.swift */; };
		95F9B3A026BD6BB800EA6441 /* FinishSetupView.swift in Sources */ = {isa = PBXBuildFile; fileRef = 95F9B39F26BD6BB800EA6441 /* FinishSetupView.swift */; };
		95F9B3A126BD6BB800EA6441 /* FinishSetupView.swift in Sources */ = {isa = PBXBuildFile; fileRef = 95F9B39F26BD6BB800EA6441 /* FinishSetupView.swift */; };
/* End PBXBuildFile section */

/* Begin PBXCopyFilesBuildPhase section */
		952A9652256FDA0F003E0584 /* Embed App Extensions */ = {
			isa = PBXCopyFilesBuildPhase;
			buildActionMask = 2147483647;
			dstPath = "";
			dstSubfolderSpec = 13;
			files = (
			);
			name = "Embed App Extensions";
			runOnlyForDeploymentPostprocessing = 0;
		};
		957607E325C05CA9007DADAC /* Embed App Extensions */ = {
			isa = PBXCopyFilesBuildPhase;
			buildActionMask = 2147483647;
			dstPath = "";
			dstSubfolderSpec = 13;
			files = (
			);
			name = "Embed App Extensions";
			runOnlyForDeploymentPostprocessing = 0;
		};
		95BA9582268C44B600B59DAC /* CopyFiles */ = {
			isa = PBXCopyFilesBuildPhase;
			buildActionMask = 2147483647;
			dstPath = "";
			dstSubfolderSpec = 7;
			files = (
			);
			runOnlyForDeploymentPostprocessing = 0;
		};
/* End PBXCopyFilesBuildPhase section */

/* Begin PBXFileReference section */
		9501DBC926E9E1A500265D7E /* SyncSettingsView.swift */ = {isa = PBXFileReference; lastKnownFileType = sourcecode.swift; path = SyncSettingsView.swift; sourceTree = "<group>"; };
		9501DBCC26E9E1E200265D7E /* SyncSettingsState.swift */ = {isa = PBXFileReference; lastKnownFileType = sourcecode.swift; path = SyncSettingsState.swift; sourceTree = "<group>"; };
		9501DBCF26E9E26300265D7E /* AboutView.swift */ = {isa = PBXFileReference; lastKnownFileType = sourcecode.swift; path = AboutView.swift; sourceTree = "<group>"; };
		9501DBD226E9E6E500265D7E /* ImageAsset.swift */ = {isa = PBXFileReference; lastKnownFileType = sourcecode.swift; path = ImageAsset.swift; sourceTree = "<group>"; };
		9512F7F524B4633E008A4DB8 /* App.entitlements */ = {isa = PBXFileReference; lastKnownFileType = text.plist.entitlements; path = App.entitlements; sourceTree = "<group>"; };
		951F23922547321500949362 /* Crypto */ = {isa = PBXFileReference; lastKnownFileType = folder; path = Crypto; sourceTree = "<group>"; };
		9521837026D3E76A005AA5FB /* SetupContentView.swift */ = {isa = PBXFileReference; lastKnownFileType = sourcecode.swift; path = SetupContentView.swift; sourceTree = "<group>"; };
		9521CE3A26B5B80E0023F415 /* Persistence */ = {isa = PBXFileReference; lastKnownFileType = folder; path = Persistence; sourceTree = "<group>"; };
		9521CE4126B6D6BB0023F415 /* AppService.swift */ = {isa = PBXFileReference; lastKnownFileType = sourcecode.swift; path = AppService.swift; sourceTree = "<group>"; };
		9521CE4426B6D9A50023F415 /* AppServiceProtocol.swift */ = {isa = PBXFileReference; lastKnownFileType = sourcecode.swift; path = AppServiceProtocol.swift; sourceTree = "<group>"; };
		952A964A256FDA0F003E0584 /* CredentialProviderInfo.plist */ = {isa = PBXFileReference; lastKnownFileType = text.plist.xml; path = CredentialProviderInfo.plist; sourceTree = "<group>"; };
		952A964B256FDA0F003E0584 /* CredentialProvider.entitlements */ = {isa = PBXFileReference; lastKnownFileType = text.plist.entitlements; path = CredentialProvider.entitlements; sourceTree = "<group>"; };
		9530DB60268F42E200247AFF /* SecureItemField.swift */ = {isa = PBXFileReference; lastKnownFileType = sourcecode.swift; path = SecureItemField.swift; sourceTree = "<group>"; };
		953851102563E73600C305F2 /* Format */ = {isa = PBXFileReference; lastKnownFileType = folder; path = Format; sourceTree = "<group>"; };
		953A43DE25D1ABBD000267D0 /* Cloud */ = {isa = PBXFileReference; lastKnownFileType = folder; path = Cloud; sourceTree = "<group>"; };
		953D8E5626849EB400E80B55 /* Model */ = {isa = PBXFileReference; lastKnownFileType = folder; path = Model; sourceTree = "<group>"; };
		953F1A4B269F6B6E006856E0 /* Configuration */ = {isa = PBXFileReference; lastKnownFileType = folder; path = Configuration; sourceTree = "<group>"; };
		9542207A255183C1002F14AB /* Filestate.swift */ = {isa = PBXFileReference; fileEncoding = 4; lastKnownFileType = sourcecode.swift; path = Filestate.swift; sourceTree = "<group>"; };
		95422087255186A4002F14AB /* BankAccountInputField.swift */ = {isa = PBXFileReference; lastKnownFileType = sourcecode.swift; path = BankAccountInputField.swift; sourceTree = "<group>"; };
		9542208C2551873C002F14AB /* BankCardInputField.swift */ = {isa = PBXFileReference; lastKnownFileType = sourcecode.swift; path = BankCardInputField.swift; sourceTree = "<group>"; };
		954220932551878E002F14AB /* CustomInputField.swift */ = {isa = PBXFileReference; lastKnownFileType = sourcecode.swift; path = CustomInputField.swift; sourceTree = "<group>"; };
		9542209825518815002F14AB /* FileInputField.swift */ = {isa = PBXFileReference; lastKnownFileType = sourcecode.swift; path = FileInputField.swift; sourceTree = "<group>"; };
		9542209D25518847002F14AB /* LoginInputField.swift */ = {isa = PBXFileReference; lastKnownFileType = sourcecode.swift; path = LoginInputField.swift; sourceTree = "<group>"; };
		954220A22551887B002F14AB /* NoteInputField.swift */ = {isa = PBXFileReference; lastKnownFileType = sourcecode.swift; path = NoteInputField.swift; sourceTree = "<group>"; };
		954220A725518A5A002F14AB /* PasswordInputField.swift */ = {isa = PBXFileReference; lastKnownFileType = sourcecode.swift; path = PasswordInputField.swift; sourceTree = "<group>"; };
		954220AC25518A9C002F14AB /* WifiInputField.swift */ = {isa = PBXFileReference; lastKnownFileType = sourcecode.swift; path = WifiInputField.swift; sourceTree = "<group>"; };
		9543A8B426AEE9A400830FE4 /* SecureItemTypeView.swift */ = {isa = PBXFileReference; lastKnownFileType = sourcecode.swift; path = SecureItemTypeView.swift; sourceTree = "<group>"; };
		9546356826DE4ABE001D81B7 /* AppServiceError.swift */ = {isa = PBXFileReference; lastKnownFileType = sourcecode.swift; path = AppServiceError.swift; sourceTree = "<group>"; };
		9546356B26DE4AE5001D81B7 /* AppServiceEvent.swift */ = {isa = PBXFileReference; lastKnownFileType = sourcecode.swift; path = AppServiceEvent.swift; sourceTree = "<group>"; };
		9550ED752694AC0B00C519C2 /* MasterPasswordSettingsState.swift */ = {isa = PBXFileReference; lastKnownFileType = sourcecode.swift; path = MasterPasswordSettingsState.swift; sourceTree = "<group>"; };
		955180442695CBF7002783D6 /* SecuritySettingsState.swift */ = {isa = PBXFileReference; lastKnownFileType = sourcecode.swift; path = SecuritySettingsState.swift; sourceTree = "<group>"; };
		955180472695CDE5002783D6 /* SecuritySettingsView.swift */ = {isa = PBXFileReference; lastKnownFileType = sourcecode.swift; path = SecuritySettingsView.swift; sourceTree = "<group>"; };
		9551D3B22680CACA0000BC44 /* FailureView.swift */ = {isa = PBXFileReference; lastKnownFileType = sourcecode.swift; path = FailureView.swift; sourceTree = "<group>"; };
		9551D3B52680DFB40000BC44 /* ConfidentialText.swift */ = {isa = PBXFileReference; lastKnownFileType = sourcecode.swift; path = ConfidentialText.swift; sourceTree = "<group>"; };
		9560766F26EC8C9500EE0D3A /* Transfer */ = {isa = PBXFileReference; lastKnownFileType = folder; path = Transfer; sourceTree = "<group>"; };
		9560767526ED03C300EE0D3A /* Collection */ = {isa = PBXFileReference; lastKnownFileType = folder; path = Collection; sourceTree = "<group>"; };
		956307282535ACAA0076022A /* SelectItemTypeView.swift */ = {isa = PBXFileReference; lastKnownFileType = sourcecode.swift; path = SelectItemTypeView.swift; sourceTree = "<group>"; };
		956A8B7226EB9F3E0072053C /* StoreSettingsView.swift */ = {isa = PBXFileReference; lastKnownFileType = sourcecode.swift; path = StoreSettingsView.swift; sourceTree = "<group>"; };
		956A8B7526EB9FB30072053C /* StoreSettingsState.swift */ = {isa = PBXFileReference; lastKnownFileType = sourcecode.swift; path = StoreSettingsState.swift; sourceTree = "<group>"; };
		956D1A2026B8380D00A4ABF7 /* AppServiceBiometry.swift */ = {isa = PBXFileReference; lastKnownFileType = sourcecode.swift; path = AppServiceBiometry.swift; sourceTree = "<group>"; };
		9574321F24AA05340062B05A /* AppInfo.plist */ = {isa = PBXFileReference; lastKnownFileType = text.plist.xml; path = AppInfo.plist; sourceTree = "<group>"; };
		9574322424AA05430062B05A /* App.swift */ = {isa = PBXFileReference; fileEncoding = 4; lastKnownFileType = sourcecode.swift; path = App.swift; sourceTree = "<group>"; };
		9574322524AA05430062B05A /* App.entitlements */ = {isa = PBXFileReference; fileEncoding = 4; lastKnownFileType = text.plist.entitlements; path = App.entitlements; sourceTree = "<group>"; };
		9574322624AA05430062B05A /* AppInfo.plist */ = {isa = PBXFileReference; fileEncoding = 4; lastKnownFileType = text.plist.xml; path = AppInfo.plist; sourceTree = "<group>"; };
		9574324424AA08190062B05A /* NoteItemState.swift */ = {isa = PBXFileReference; fileEncoding = 4; lastKnownFileType = sourcecode.swift; path = NoteItemState.swift; sourceTree = "<group>"; };
		9574324824AA081A0062B05A /* SettingsState.swift */ = {isa = PBXFileReference; fileEncoding = 4; lastKnownFileType = sourcecode.swift; path = SettingsState.swift; sourceTree = "<group>"; };
		9574324924AA081A0062B05A /* LoginItemState.swift */ = {isa = PBXFileReference; fileEncoding = 4; lastKnownFileType = sourcecode.swift; path = LoginItemState.swift; sourceTree = "<group>"; };
		9574324C24AA081A0062B05A /* StoreItemEditState.swift */ = {isa = PBXFileReference; fileEncoding = 4; lastKnownFileType = sourcecode.swift; path = StoreItemEditState.swift; sourceTree = "<group>"; };
		9574325024AA081A0062B05A /* StoreItemDetailState.swift */ = {isa = PBXFileReference; fileEncoding = 4; lastKnownFileType = sourcecode.swift; path = StoreItemDetailState.swift; sourceTree = "<group>"; };
		9574325624AA081A0062B05A /* BankAccountItemState.swift */ = {isa = PBXFileReference; fileEncoding = 4; lastKnownFileType = sourcecode.swift; path = BankAccountItemState.swift; sourceTree = "<group>"; };
		9574325724AA081A0062B05A /* WifiItemState.swift */ = {isa = PBXFileReference; fileEncoding = 4; lastKnownFileType = sourcecode.swift; path = WifiItemState.swift; sourceTree = "<group>"; };
		9574325824AA081A0062B05A /* PasswordItemState.swift */ = {isa = PBXFileReference; fileEncoding = 4; lastKnownFileType = sourcecode.swift; path = PasswordItemState.swift; sourceTree = "<group>"; };
		9574325F24AA081A0062B05A /* UnlockedState.swift */ = {isa = PBXFileReference; fileEncoding = 4; lastKnownFileType = sourcecode.swift; path = UnlockedState.swift; sourceTree = "<group>"; };
		9574326024AA081A0062B05A /* BankCardItemState.swift */ = {isa = PBXFileReference; fileEncoding = 4; lastKnownFileType = sourcecode.swift; path = BankCardItemState.swift; sourceTree = "<group>"; };
		9574326224AA081A0062B05A /* CustomItemState.swift */ = {isa = PBXFileReference; fileEncoding = 4; lastKnownFileType = sourcecode.swift; path = CustomItemState.swift; sourceTree = "<group>"; };
		957432FF24AA135D0062B05A /* SetupView.swift */ = {isa = PBXFileReference; fileEncoding = 4; lastKnownFileType = sourcecode.swift; path = SetupView.swift; sourceTree = "<group>"; };
		9574330224AA135D0062B05A /* MasterPasswordSettingsView.swift */ = {isa = PBXFileReference; fileEncoding = 4; lastKnownFileType = sourcecode.swift; path = MasterPasswordSettingsView.swift; sourceTree = "<group>"; };
		9574330524AA135D0062B05A /* AppView.swift */ = {isa = PBXFileReference; fileEncoding = 4; lastKnownFileType = sourcecode.swift; path = AppView.swift; sourceTree = "<group>"; };
		9574330A24AA135D0062B05A /* SettingsView.swift */ = {isa = PBXFileReference; fileEncoding = 4; lastKnownFileType = sourcecode.swift; path = SettingsView.swift; sourceTree = "<group>"; };
		9574331024AA135E0062B05A /* LockedView.swift */ = {isa = PBXFileReference; fileEncoding = 4; lastKnownFileType = sourcecode.swift; path = LockedView.swift; sourceTree = "<group>"; };
		9574331124AA135E0062B05A /* StoreItemDetailView.swift */ = {isa = PBXFileReference; fileEncoding = 4; lastKnownFileType = sourcecode.swift; path = StoreItemDetailView.swift; sourceTree = "<group>"; };
		9574336624AA13C20062B05A /* Preferences */ = {isa = PBXFileReference; lastKnownFileType = folder; path = Preferences; sourceTree = "<group>"; };
		9574336824AA13C30062B05A /* Search */ = {isa = PBXFileReference; lastKnownFileType = folder; path = Search; sourceTree = "<group>"; };
		9574337024AA23D30062B05A /* StoreItemEditView.swift */ = {isa = PBXFileReference; fileEncoding = 4; lastKnownFileType = sourcecode.swift; path = StoreItemEditView.swift; sourceTree = "<group>"; };
		9574337124AA23D30062B05A /* UnlockedView.swift */ = {isa = PBXFileReference; fileEncoding = 4; lastKnownFileType = sourcecode.swift; path = UnlockedView.swift; sourceTree = "<group>"; };
		95775EC326906C1F005D2221 /* StoreItemDisplayView.swift */ = {isa = PBXFileReference; lastKnownFileType = sourcecode.swift; path = StoreItemDisplayView.swift; sourceTree = "<group>"; };
		957D681326CABAA300E277F4 /* SFSymbol.swift */ = {isa = PBXFileReference; lastKnownFileType = sourcecode.swift; path = SFSymbol.swift; sourceTree = "<group>"; };
		957D681626CABC2B00E277F4 /* LocalizedStringKey.swift */ = {isa = PBXFileReference; lastKnownFileType = sourcecode.swift; path = LocalizedStringKey.swift; sourceTree = "<group>"; };
		957D681A26CABC5700E277F4 /* en */ = {isa = PBXFileReference; lastKnownFileType = text.plist.strings; name = en; path = en.lproj/Localizable.strings; sourceTree = "<group>"; };
		957DCACC26ED1CEC00EF72AD /* Vault.app */ = {isa = PBXFileReference; explicitFileType = wrapper.application; includeInIndex = 0; name = Vault.app; path = "/Users/johannesauer/Documents/vault/build/Debug-iphoneos/Vault.app"; sourceTree = "<absolute>"; };
		957DCACD26ED1CEC00EF72AD /* Vault.app */ = {isa = PBXFileReference; explicitFileType = wrapper.application; includeInIndex = 0; name = Vault.app; path = /Users/johannesauer/Documents/vault/build/Debug/Vault.app; sourceTree = "<absolute>"; };
		9583624724D1643700C10BBB /* Development.xcassets */ = {isa = PBXFileReference; lastKnownFileType = folder.assetcatalog; path = Development.xcassets; sourceTree = "<group>"; };
		9583BDD726AAF480003BE064 /* CreateItemView.swift */ = {isa = PBXFileReference; lastKnownFileType = sourcecode.swift; path = CreateItemView.swift; sourceTree = "<group>"; };
		9583BDDA26AAF4DD003BE064 /* CreateItemState.swift */ = {isa = PBXFileReference; lastKnownFileType = sourcecode.swift; path = CreateItemState.swift; sourceTree = "<group>"; };
		9583BDDD26AB0105003BE064 /* SecureItemState.swift */ = {isa = PBXFileReference; lastKnownFileType = sourcecode.swift; path = SecureItemState.swift; sourceTree = "<group>"; };
		9583BDE426AB0749003BE064 /* SecureItemView.swift */ = {isa = PBXFileReference; lastKnownFileType = sourcecode.swift; path = SecureItemView.swift; sourceTree = "<group>"; };
		958422E926BC3B1A0084D319 /* Haptic */ = {isa = PBXFileReference; lastKnownFileType = folder; path = Haptic; sourceTree = "<group>"; };
		95842D4D256FAB180080711C /* CredentialProviderInfo.plist */ = {isa = PBXFileReference; lastKnownFileType = text.plist.xml; path = CredentialProviderInfo.plist; sourceTree = "<group>"; };
		95842D4E256FAB180080711C /* CredentialProvider.entitlements */ = {isa = PBXFileReference; lastKnownFileType = text.plist.entitlements; path = CredentialProvider.entitlements; sourceTree = "<group>"; };
		95842D6B256FBE2B0080711C /* QuickAccessView.swift */ = {isa = PBXFileReference; lastKnownFileType = sourcecode.swift; path = QuickAccessView.swift; sourceTree = "<group>"; };
		9584698326D61A68007A56E3 /* PasswordInput.swift */ = {isa = PBXFileReference; lastKnownFileType = sourcecode.swift; path = PasswordInput.swift; sourceTree = "<group>"; };
		958648FA251E11130081DF08 /* Field.swift */ = {isa = PBXFileReference; lastKnownFileType = sourcecode.swift; path = Field.swift; sourceTree = "<group>"; };
		95864904251E11930081DF08 /* SecureToggleStyle.swift */ = {isa = PBXFileReference; lastKnownFileType = sourcecode.swift; path = SecureToggleStyle.swift; sourceTree = "<group>"; };
		9586490E251E12060081DF08 /* LoginField.swift */ = {isa = PBXFileReference; lastKnownFileType = sourcecode.swift; path = LoginField.swift; sourceTree = "<group>"; };
		95864913251E126E0081DF08 /* PasswordField.swift */ = {isa = PBXFileReference; lastKnownFileType = sourcecode.swift; path = PasswordField.swift; sourceTree = "<group>"; };
		95864918251E12AA0081DF08 /* FileField.swift */ = {isa = PBXFileReference; lastKnownFileType = sourcecode.swift; path = FileField.swift; sourceTree = "<group>"; };
		9586491D251E12D00081DF08 /* NoteField.swift */ = {isa = PBXFileReference; lastKnownFileType = sourcecode.swift; path = NoteField.swift; sourceTree = "<group>"; };
		95864922251E13210081DF08 /* BankCardField.swift */ = {isa = PBXFileReference; lastKnownFileType = sourcecode.swift; path = BankCardField.swift; sourceTree = "<group>"; };
		95864927251E137C0081DF08 /* WifiField.swift */ = {isa = PBXFileReference; lastKnownFileType = sourcecode.swift; path = WifiField.swift; sourceTree = "<group>"; };
		95864931251E13EE0081DF08 /* CustomField.swift */ = {isa = PBXFileReference; lastKnownFileType = sourcecode.swift; path = CustomField.swift; sourceTree = "<group>"; };
		9586493D251E14AD0081DF08 /* DateFooter.swift */ = {isa = PBXFileReference; lastKnownFileType = sourcecode.swift; path = DateFooter.swift; sourceTree = "<group>"; };
		9586495A251E24A60081DF08 /* BankAccountField.swift */ = {isa = PBXFileReference; fileEncoding = 4; lastKnownFileType = sourcecode.swift; path = BankAccountField.swift; sourceTree = "<group>"; };
		9588438825397F3100732E35 /* PasswordGeneratorView.swift */ = {isa = PBXFileReference; fileEncoding = 4; lastKnownFileType = sourcecode.swift; path = PasswordGeneratorView.swift; sourceTree = "<group>"; };
		9593E8F7268C8CC5000FCC0F /* PasswordGeneratorState.swift */ = {isa = PBXFileReference; lastKnownFileType = sourcecode.swift; path = PasswordGeneratorState.swift; sourceTree = "<group>"; };
		95942D5226E7A2A1005E0151 /* StoreInfoSettingsState.swift */ = {isa = PBXFileReference; lastKnownFileType = sourcecode.swift; path = StoreInfoSettingsState.swift; sourceTree = "<group>"; };
		95942D5526E7A2E7005E0151 /* StoreInfoSettingsView.swift */ = {isa = PBXFileReference; lastKnownFileType = sourcecode.swift; path = StoreInfoSettingsView.swift; sourceTree = "<group>"; };
		9597995926F47D130059EB11 /* Common */ = {isa = PBXFileReference; lastKnownFileType = folder; path = Common; sourceTree = "<group>"; };
		959E5825257FDFB000E09777 /* LoginCredentialField.swift */ = {isa = PBXFileReference; lastKnownFileType = sourcecode.swift; path = LoginCredentialField.swift; sourceTree = "<group>"; };
		95ADC33F2684CA5D00BE3DFF /* AppState.swift */ = {isa = PBXFileReference; lastKnownFileType = sourcecode.swift; path = AppState.swift; sourceTree = "<group>"; };
		95ADC3422684CCC000BE3DFF /* SetupState.swift */ = {isa = PBXFileReference; lastKnownFileType = sourcecode.swift; path = SetupState.swift; sourceTree = "<group>"; };
		95ADC3452684CD7600BE3DFF /* LockedState.swift */ = {isa = PBXFileReference; lastKnownFileType = sourcecode.swift; path = LockedState.swift; sourceTree = "<group>"; };
		95B0217D26EA48D100969F95 /* Info.swift */ = {isa = PBXFileReference; lastKnownFileType = sourcecode.swift; path = Info.swift; sourceTree = "<group>"; };
		95BA9591268C530100B59DAC /* Sync */ = {isa = PBXFileReference; lastKnownFileType = folder; path = Sync; sourceTree = "<group>"; };
		95C07B3A26B53E3B00E3D4DA /* Shim */ = {isa = PBXFileReference; lastKnownFileType = folder; path = Shim; sourceTree = "<group>"; };
		95C90C2D2520B13C00860CAE /* MessageButtonStyle.swift */ = {isa = PBXFileReference; lastKnownFileType = sourcecode.swift; path = MessageButtonStyle.swift; sourceTree = "<group>"; };
		95C994D92575592E00C3A758 /* LoginCredentialSelectionView.swift */ = {isa = PBXFileReference; lastKnownFileType = sourcecode.swift; path = LoginCredentialSelectionView.swift; sourceTree = "<group>"; };
		95D7E85726A2D2A700F96D35 /* QuickAccessState.swift */ = {isa = PBXFileReference; lastKnownFileType = sourcecode.swift; path = QuickAccessState.swift; sourceTree = "<group>"; };
		95D7E85A26A2D44C00F96D35 /* LoginCredentialSelectionState.swift */ = {isa = PBXFileReference; lastKnownFileType = sourcecode.swift; path = LoginCredentialSelectionState.swift; sourceTree = "<group>"; };
		95DF89D6252B038300882F52 /* Pasteboard */ = {isa = PBXFileReference; lastKnownFileType = folder; path = Pasteboard; sourceTree = "<group>"; };
		95E6BC0D26EB4CD700A28DA4 /* InfoField.swift */ = {isa = PBXFileReference; lastKnownFileType = sourcecode.swift; path = InfoField.swift; sourceTree = "<group>"; };
		95E6BC1026EB545000A28DA4 /* AppServiceStoreInfo.swift */ = {isa = PBXFileReference; lastKnownFileType = sourcecode.swift; path = AppServiceStoreInfo.swift; sourceTree = "<group>"; };
		95F7102A26B915EF003C8CF6 /* Production.xcassets */ = {isa = PBXFileReference; lastKnownFileType = folder.assetcatalog; path = Production.xcassets; sourceTree = "<group>"; };
		95F72FF124EFDF52000E6E83 /* StoreItemInfoView.swift */ = {isa = PBXFileReference; lastKnownFileType = sourcecode.swift; path = StoreItemInfoView.swift; sourceTree = "<group>"; };
		95F9B38A26BD536700EA6441 /* MasterPasswordSetupView.swift */ = {isa = PBXFileReference; lastKnownFileType = sourcecode.swift; path = MasterPasswordSetupView.swift; sourceTree = "<group>"; };
		95F9B38D26BD53D600EA6441 /* MasterPasswordSetupState.swift */ = {isa = PBXFileReference; lastKnownFileType = sourcecode.swift; path = MasterPasswordSetupState.swift; sourceTree = "<group>"; };
		95F9B39026BD65B300EA6441 /* RepeatMasterPasswordSetupView.swift */ = {isa = PBXFileReference; lastKnownFileType = sourcecode.swift; path = RepeatMasterPasswordSetupView.swift; sourceTree = "<group>"; };
		95F9B39326BD661800EA6441 /* RepeatMasterPasswordSetupState.swift */ = {isa = PBXFileReference; lastKnownFileType = sourcecode.swift; path = RepeatMasterPasswordSetupState.swift; sourceTree = "<group>"; };
		95F9B39626BD66AF00EA6441 /* BiometrySetupState.swift */ = {isa = PBXFileReference; lastKnownFileType = sourcecode.swift; path = BiometrySetupState.swift; sourceTree = "<group>"; };
		95F9B39926BD66DA00EA6441 /* FinishSetupState.swift */ = {isa = PBXFileReference; lastKnownFileType = sourcecode.swift; path = FinishSetupState.swift; sourceTree = "<group>"; };
		95F9B39C26BD675A00EA6441 /* BiometrySetupView.swift */ = {isa = PBXFileReference; lastKnownFileType = sourcecode.swift; path = BiometrySetupView.swift; sourceTree = "<group>"; };
		95F9B39F26BD6BB800EA6441 /* FinishSetupView.swift */ = {isa = PBXFileReference; lastKnownFileType = sourcecode.swift; path = FinishSetupView.swift; sourceTree = "<group>"; };
/* End PBXFileReference section */

/* Begin PBXFrameworksBuildPhase section */
		95ABC93824A9D38E009D87A4 /* Frameworks */ = {
			isa = PBXFrameworksBuildPhase;
			buildActionMask = 2147483647;
			files = (
				9521CE3D26B5B85A0023F415 /* Persistence in Frameworks */,
				95ABC96524A9D5AA009D87A4 /* Search in Frameworks */,
				95BA9594268C535800B59DAC /* Sync in Frameworks */,
				95ABC96324A9D5AA009D87A4 /* Preferences in Frameworks */,
				95C07B3D26B53E7500E3D4DA /* Shim in Frameworks */,
				9560767826ED03D600EE0D3A /* Collection in Frameworks */,
				953F1A4E269F6CC0006856E0 /* Configuration in Frameworks */,
				958422EE26BC3D480084D319 /* Haptic in Frameworks */,
				953851152563E82B00C305F2 /* Format in Frameworks */,
				95ABC96124A9D5AA009D87A4 /* Pasteboard in Frameworks */,
				9560767426EC8E5500EE0D3A /* Transfer in Frameworks */,
				9597995C26F47E770059EB11 /* Common in Frameworks */,
				95ADC33826849ED800BE3DFF /* Model in Frameworks */,
				950C703D2548206C001BB318 /* Crypto in Frameworks */,
			);
			runOnlyForDeploymentPostprocessing = 0;
		};
		95ABC94024A9D38E009D87A4 /* Frameworks */ = {
			isa = PBXFrameworksBuildPhase;
			buildActionMask = 2147483647;
			files = (
				9521CE3F26B5B8610023F415 /* Persistence in Frameworks */,
				95ABC97124A9D5B8009D87A4 /* Search in Frameworks */,
				95BA9596268C535F00B59DAC /* Sync in Frameworks */,
				95ABC96F24A9D5B8009D87A4 /* Preferences in Frameworks */,
				95AA68DB2565420E00616D56 /* Format in Frameworks */,
				9560767A26ED03E800EE0D3A /* Collection in Frameworks */,
				950C70392548205A001BB318 /* Crypto in Frameworks */,
				958422EC26BC3D400084D319 /* Haptic in Frameworks */,
				95C07B3F26B53E7C00E3D4DA /* Shim in Frameworks */,
				95ADC33A26849EE200BE3DFF /* Model in Frameworks */,
				9560767226EC8E4A00EE0D3A /* Transfer in Frameworks */,
				9597995E26F47E810059EB11 /* Common in Frameworks */,
				95ABC96D24A9D5B8009D87A4 /* Pasteboard in Frameworks */,
				953F1A50269F6CC4006856E0 /* Configuration in Frameworks */,
			);
			runOnlyForDeploymentPostprocessing = 0;
		};
/* End PBXFrameworksBuildPhase section */

/* Begin PBXGroup section */
		9574321C24AA05340062B05A /* iOS */ = {
			isa = PBXGroup;
			children = (
				9512F7F524B4633E008A4DB8 /* App.entitlements */,
				95842D4E256FAB180080711C /* CredentialProvider.entitlements */,
				9574321F24AA05340062B05A /* AppInfo.plist */,
				95842D4D256FAB180080711C /* CredentialProviderInfo.plist */,
			);
			path = iOS;
			sourceTree = "<group>";
		};
		9574322224AA05430062B05A /* macOS */ = {
			isa = PBXGroup;
			children = (
				9574322524AA05430062B05A /* App.entitlements */,
				952A964B256FDA0F003E0584 /* CredentialProvider.entitlements */,
				9574322624AA05430062B05A /* AppInfo.plist */,
				952A964A256FDA0F003E0584 /* CredentialProviderInfo.plist */,
			);
			path = macOS;
			sourceTree = "<group>";
		};
		9574323124AA05710062B05A /* State */ = {
			isa = PBXGroup;
			children = (
				95ADC33F2684CA5D00BE3DFF /* AppState.swift */,
				9574325624AA081A0062B05A /* BankAccountItemState.swift */,
				9574326024AA081A0062B05A /* BankCardItemState.swift */,
				95F9B39626BD66AF00EA6441 /* BiometrySetupState.swift */,
				9583BDDA26AAF4DD003BE064 /* CreateItemState.swift */,
				9574326224AA081A0062B05A /* CustomItemState.swift */,
				9542207A255183C1002F14AB /* Filestate.swift */,
				95F9B39926BD66DA00EA6441 /* FinishSetupState.swift */,
				95ADC3452684CD7600BE3DFF /* LockedState.swift */,
				95D7E85A26A2D44C00F96D35 /* LoginCredentialSelectionState.swift */,
				9574324924AA081A0062B05A /* LoginItemState.swift */,
				9550ED752694AC0B00C519C2 /* MasterPasswordSettingsState.swift */,
				95F9B38D26BD53D600EA6441 /* MasterPasswordSetupState.swift */,
				9574324424AA08190062B05A /* NoteItemState.swift */,
				9593E8F7268C8CC5000FCC0F /* PasswordGeneratorState.swift */,
				9574325824AA081A0062B05A /* PasswordItemState.swift */,
				95D7E85726A2D2A700F96D35 /* QuickAccessState.swift */,
				95F9B39326BD661800EA6441 /* RepeatMasterPasswordSetupState.swift */,
				9583BDDD26AB0105003BE064 /* SecureItemState.swift */,
				955180442695CBF7002783D6 /* SecuritySettingsState.swift */,
				9574324824AA081A0062B05A /* SettingsState.swift */,
				95ADC3422684CCC000BE3DFF /* SetupState.swift */,
				95942D5226E7A2A1005E0151 /* StoreInfoSettingsState.swift */,
				9574325024AA081A0062B05A /* StoreItemDetailState.swift */,
				9574324C24AA081A0062B05A /* StoreItemEditState.swift */,
				956A8B7526EB9FB30072053C /* StoreSettingsState.swift */,
				9501DBCC26E9E1E200265D7E /* SyncSettingsState.swift */,
				9574325F24AA081A0062B05A /* UnlockedState.swift */,
				9574325724AA081A0062B05A /* WifiItemState.swift */,
			);
			path = State;
			sourceTree = "<group>";
		};
		9574323224AA05710062B05A /* View */ = {
			isa = PBXGroup;
			children = (
				9501DBCF26E9E26300265D7E /* AboutView.swift */,
				9574330524AA135D0062B05A /* AppView.swift */,
				9586495A251E24A60081DF08 /* BankAccountField.swift */,
				95422087255186A4002F14AB /* BankAccountInputField.swift */,
				95864922251E13210081DF08 /* BankCardField.swift */,
				9542208C2551873C002F14AB /* BankCardInputField.swift */,
				95F9B39C26BD675A00EA6441 /* BiometrySetupView.swift */,
				9551D3B52680DFB40000BC44 /* ConfidentialText.swift */,
				9583BDD726AAF480003BE064 /* CreateItemView.swift */,
				95864931251E13EE0081DF08 /* CustomField.swift */,
				954220932551878E002F14AB /* CustomInputField.swift */,
				9586493D251E14AD0081DF08 /* DateFooter.swift */,
				9551D3B22680CACA0000BC44 /* FailureView.swift */,
				958648FA251E11130081DF08 /* Field.swift */,
				95864918251E12AA0081DF08 /* FileField.swift */,
				9542209825518815002F14AB /* FileInputField.swift */,
				95F9B39F26BD6BB800EA6441 /* FinishSetupView.swift */,
				95E6BC0D26EB4CD700A28DA4 /* InfoField.swift */,
				9574331024AA135E0062B05A /* LockedView.swift */,
				959E5825257FDFB000E09777 /* LoginCredentialField.swift */,
				95C994D92575592E00C3A758 /* LoginCredentialSelectionView.swift */,
				9586490E251E12060081DF08 /* LoginField.swift */,
				9542209D25518847002F14AB /* LoginInputField.swift */,
				9574330224AA135D0062B05A /* MasterPasswordSettingsView.swift */,
				95F9B38A26BD536700EA6441 /* MasterPasswordSetupView.swift */,
				9586491D251E12D00081DF08 /* NoteField.swift */,
				954220A22551887B002F14AB /* NoteInputField.swift */,
				95864913251E126E0081DF08 /* PasswordField.swift */,
				9588438825397F3100732E35 /* PasswordGeneratorView.swift */,
				9584698326D61A68007A56E3 /* PasswordInput.swift */,
				954220A725518A5A002F14AB /* PasswordInputField.swift */,
				95842D6B256FBE2B0080711C /* QuickAccessView.swift */,
				95F9B39026BD65B300EA6441 /* RepeatMasterPasswordSetupView.swift */,
				9530DB60268F42E200247AFF /* SecureItemField.swift */,
				9543A8B426AEE9A400830FE4 /* SecureItemTypeView.swift */,
				9583BDE426AB0749003BE064 /* SecureItemView.swift */,
				955180472695CDE5002783D6 /* SecuritySettingsView.swift */,
				956307282535ACAA0076022A /* SelectItemTypeView.swift */,
				9574330A24AA135D0062B05A /* SettingsView.swift */,
				9521837026D3E76A005AA5FB /* SetupContentView.swift */,
				957432FF24AA135D0062B05A /* SetupView.swift */,
				95942D5526E7A2E7005E0151 /* StoreInfoSettingsView.swift */,
				9574331124AA135E0062B05A /* StoreItemDetailView.swift */,
				95775EC326906C1F005D2221 /* StoreItemDisplayView.swift */,
				9574337024AA23D30062B05A /* StoreItemEditView.swift */,
				95F72FF124EFDF52000E6E83 /* StoreItemInfoView.swift */,
				956A8B7226EB9F3E0072053C /* StoreSettingsView.swift */,
				9501DBC926E9E1A500265D7E /* SyncSettingsView.swift */,
				9574337124AA23D30062B05A /* UnlockedView.swift */,
				95864927251E137C0081DF08 /* WifiField.swift */,
				954220AC25518A9C002F14AB /* WifiInputField.swift */,
			);
			path = View;
			sourceTree = "<group>";
		};
		957B73AD267CBD0F00990A8D /* Style */ = {
			isa = PBXGroup;
			children = (
				95C90C2D2520B13C00860CAE /* MessageButtonStyle.swift */,
				95864904251E11930081DF08 /* SecureToggleStyle.swift */,
			);
			path = Style;
			sourceTree = "<group>";
		};
		957EB3BC2510F11500D6AE2E /* Scene */ = {
			isa = PBXGroup;
			children = (
				9574322424AA05430062B05A /* App.swift */,
			);
			path = Scene;
			sourceTree = "<group>";
		};
		9593F68226AEA18800AAE0F4 /* Resource */ = {
			isa = PBXGroup;
			children = (
				9501DBD226E9E6E500265D7E /* ImageAsset.swift */,
				95B0217D26EA48D100969F95 /* Info.swift */,
				957D681626CABC2B00E277F4 /* LocalizedStringKey.swift */,
				957D681326CABAA300E277F4 /* SFSymbol.swift */,
				9583624724D1643700C10BBB /* Development.xcassets */,
				95F7102A26B915EF003C8CF6 /* Production.xcassets */,
				957D681926CABC5700E277F4 /* Localizable.strings */,
			);
			path = Resource;
			sourceTree = "<group>";
		};
		9597995A26F47E770059EB11 /* Frameworks */ = {
			isa = PBXGroup;
			children = (
			);
			name = Frameworks;
			sourceTree = "<group>";
		};
		95ABC92E24A9D38E009D87A4 = {
			isa = PBXGroup;
			children = (
				953A43DE25D1ABBD000267D0 /* Cloud */,
				9560767526ED03C300EE0D3A /* Collection */,
				9597995926F47D130059EB11 /* Common */,
				953F1A4B269F6B6E006856E0 /* Configuration */,
				951F23922547321500949362 /* Crypto */,
				953851102563E73600C305F2 /* Format */,
				958422E926BC3B1A0084D319 /* Haptic */,
				953D8E5626849EB400E80B55 /* Model */,
				95DF89D6252B038300882F52 /* Pasteboard */,
				9521CE3A26B5B80E0023F415 /* Persistence */,
				9574336624AA13C20062B05A /* Preferences */,
				9574336824AA13C30062B05A /* Search */,
				95C07B3A26B53E3B00E3D4DA /* Shim */,
				95BA9591268C530100B59DAC /* Sync */,
				9560766F26EC8C9500EE0D3A /* Transfer */,
				9574321C24AA05340062B05A /* iOS */,
				9574322224AA05430062B05A /* macOS */,
				9593F68226AEA18800AAE0F4 /* Resource */,
				957EB3BC2510F11500D6AE2E /* Scene */,
				95BA9589268C476700B59DAC /* Service */,
				9574323124AA05710062B05A /* State */,
				957B73AD267CBD0F00990A8D /* Style */,
				9574323224AA05710062B05A /* View */,
				9597995A26F47E770059EB11 /* Frameworks */,
			);
			sourceTree = "<group>";
		};
		95BA9589268C476700B59DAC /* Service */ = {
			isa = PBXGroup;
			children = (
				9521CE4126B6D6BB0023F415 /* AppService.swift */,
				956D1A2026B8380D00A4ABF7 /* AppServiceBiometry.swift */,
				9546356826DE4ABE001D81B7 /* AppServiceError.swift */,
				9546356B26DE4AE5001D81B7 /* AppServiceEvent.swift */,
				9521CE4426B6D9A50023F415 /* AppServiceProtocol.swift */,
				95E6BC1026EB545000A28DA4 /* AppServiceStoreInfo.swift */,
			);
			path = Service;
			sourceTree = "<group>";
		};
/* End PBXGroup section */

/* Begin PBXNativeTarget section */
		95ABC93A24A9D38E009D87A4 /* iOSApp */ = {
			isa = PBXNativeTarget;
			buildConfigurationList = 95ABC94F24A9D38E009D87A4 /* Build configuration list for PBXNativeTarget "iOSApp" */;
			buildPhases = (
				95ABC93724A9D38E009D87A4 /* Sources */,
				95ABC93824A9D38E009D87A4 /* Frameworks */,
				95ABC93924A9D38E009D87A4 /* Resources */,
				957607E325C05CA9007DADAC /* Embed App Extensions */,
				95BA9582268C44B600B59DAC /* CopyFiles */,
			);
			buildRules = (
			);
			dependencies = (
			);
			name = iOSApp;
			packageProductDependencies = (
				95ABC96024A9D5AA009D87A4 /* Pasteboard */,
				95ABC96224A9D5AA009D87A4 /* Preferences */,
				95ABC96424A9D5AA009D87A4 /* Search */,
				950C703C2548206C001BB318 /* Crypto */,
				953851142563E82B00C305F2 /* Format */,
				95ADC33726849ED800BE3DFF /* Model */,
				95BA9593268C535800B59DAC /* Sync */,
				953F1A4D269F6CC0006856E0 /* Configuration */,
				95C07B3C26B53E7500E3D4DA /* Shim */,
				9521CE3C26B5B85A0023F415 /* Persistence */,
				958422ED26BC3D480084D319 /* Haptic */,
				9560767326EC8E5500EE0D3A /* Transfer */,
				9560767726ED03D600EE0D3A /* Collection */,
				9597995B26F47E770059EB11 /* Common */,
			);
			productName = iOS;
			productReference = 957DCACC26ED1CEC00EF72AD /* Vault.app */;
			productType = "com.apple.product-type.application";
		};
		95ABC94224A9D38E009D87A4 /* macOSApp */ = {
			isa = PBXNativeTarget;
			buildConfigurationList = 95ABC95224A9D38E009D87A4 /* Build configuration list for PBXNativeTarget "macOSApp" */;
			buildPhases = (
				95ABC93F24A9D38E009D87A4 /* Sources */,
				95ABC94024A9D38E009D87A4 /* Frameworks */,
				95ABC94124A9D38E009D87A4 /* Resources */,
				952A9652256FDA0F003E0584 /* Embed App Extensions */,
			);
			buildRules = (
			);
			dependencies = (
			);
			name = macOSApp;
			packageProductDependencies = (
				95ABC96C24A9D5B8009D87A4 /* Pasteboard */,
				95ABC96E24A9D5B8009D87A4 /* Preferences */,
				95ABC97024A9D5B8009D87A4 /* Search */,
				950C70382548205A001BB318 /* Crypto */,
				95AA68DA2565420E00616D56 /* Format */,
				95ADC33926849EE200BE3DFF /* Model */,
				95BA9595268C535F00B59DAC /* Sync */,
				953F1A4F269F6CC4006856E0 /* Configuration */,
				95C07B3E26B53E7C00E3D4DA /* Shim */,
				9521CE3E26B5B8610023F415 /* Persistence */,
				958422EB26BC3D400084D319 /* Haptic */,
				9560767126EC8E4A00EE0D3A /* Transfer */,
				9560767926ED03E800EE0D3A /* Collection */,
				9597995D26F47E810059EB11 /* Common */,
			);
			productName = macOS;
			productReference = 957DCACD26ED1CEC00EF72AD /* Vault.app */;
			productType = "com.apple.product-type.application";
		};
/* End PBXNativeTarget section */

/* Begin PBXProject section */
		95ABC92F24A9D38E009D87A4 /* Project object */ = {
			isa = PBXProject;
			attributes = {
				LastSwiftUpdateCheck = 1220;
				LastUpgradeCheck = 1230;
				TargetAttributes = {
					95ABC93A24A9D38E009D87A4 = {
						CreatedOnToolsVersion = 12.0;
					};
					95ABC94224A9D38E009D87A4 = {
						CreatedOnToolsVersion = 12.0;
					};
				};
			};
			buildConfigurationList = 95ABC93224A9D38E009D87A4 /* Build configuration list for PBXProject "Vault" */;
			compatibilityVersion = "Xcode 12.0";
			developmentRegion = en;
			hasScannedForEncodings = 0;
			knownRegions = (
				en,
				de,
				Base,
			);
			mainGroup = 95ABC92E24A9D38E009D87A4;
			productRefGroup = 95ABC92E24A9D38E009D87A4;
			projectDirPath = "";
			projectRoot = "";
			targets = (
				95ABC93A24A9D38E009D87A4 /* iOSApp */,
				95ABC94224A9D38E009D87A4 /* macOSApp */,
			);
		};
/* End PBXProject section */

/* Begin PBXResourcesBuildPhase section */
		95ABC93924A9D38E009D87A4 /* Resources */ = {
			isa = PBXResourcesBuildPhase;
			buildActionMask = 2147483647;
			files = (
				95F7102C26B91604003C8CF6 /* Production.xcassets in Resources */,
				957D681B26CABC5700E277F4 /* Localizable.strings in Resources */,
				9550ED7426949BCE00C519C2 /* Development.xcassets in Resources */,
			);
			runOnlyForDeploymentPostprocessing = 0;
		};
		95ABC94124A9D38E009D87A4 /* Resources */ = {
			isa = PBXResourcesBuildPhase;
			buildActionMask = 2147483647;
			files = (
				95F7102B26B915EF003C8CF6 /* Production.xcassets in Resources */,
				957D681C26CABC5700E277F4 /* Localizable.strings in Resources */,
				95F5ECAF26BC26A0008CF944 /* Development.xcassets in Resources */,
			);
			runOnlyForDeploymentPostprocessing = 0;
		};
/* End PBXResourcesBuildPhase section */

/* Begin PBXSourcesBuildPhase section */
		95ABC93724A9D38E009D87A4 /* Sources */ = {
			isa = PBXSourcesBuildPhase;
			buildActionMask = 2147483647;
			files = (
				9551D3B62680DFB40000BC44 /* ConfidentialText.swift in Sources */,
				9542209E25518847002F14AB /* LoginInputField.swift in Sources */,
				957D681426CABAA300E277F4 /* SFSymbol.swift in Sources */,
				9546356C26DE4AE5001D81B7 /* AppServiceEvent.swift in Sources */,
				9593E8F8268C8CC5000FCC0F /* PasswordGeneratorState.swift in Sources */,
				954220942551878E002F14AB /* CustomInputField.swift in Sources */,
				95864932251E13EE0081DF08 /* CustomField.swift in Sources */,
				956A8B7326EB9F3E0072053C /* StoreSettingsView.swift in Sources */,
				95F72FF224EFDF52000E6E83 /* StoreItemInfoView.swift in Sources */,
				9574334F24AA135E0062B05A /* SettingsView.swift in Sources */,
				9501DBD326E9E6E500265D7E /* ImageAsset.swift in Sources */,
				9530DB61268F42E200247AFF /* SecureItemField.swift in Sources */,
				95775EC426906C1F005D2221 /* StoreItemDisplayView.swift in Sources */,
				9586493E251E14AD0081DF08 /* DateFooter.swift in Sources */,
				9521837126D3E76A005AA5FB /* SetupContentView.swift in Sources */,
				95864923251E13210081DF08 /* BankCardField.swift in Sources */,
				9586491E251E12D00081DF08 /* NoteField.swift in Sources */,
				954220A825518A5A002F14AB /* PasswordInputField.swift in Sources */,
				9574328624AA081B0062B05A /* StoreItemDetailState.swift in Sources */,
				95E6BC0E26EB4CD700A28DA4 /* InfoField.swift in Sources */,
				9542208D2551873C002F14AB /* BankCardInputField.swift in Sources */,
				95B63C5A24ABA24D00152E55 /* AppView.swift in Sources */,
				954EDBA226A54DD900E0732F /* QuickAccessState.swift in Sources */,
				9574335B24AA135E0062B05A /* LockedView.swift in Sources */,
				955180482695CDE5002783D6 /* SecuritySettingsView.swift in Sources */,
				957D681826CABC2B00E277F4 /* LocalizedStringKey.swift in Sources */,
				9574327624AA081B0062B05A /* SettingsState.swift in Sources */,
				95ADC3402684CA5D00BE3DFF /* AppState.swift in Sources */,
				958648FB251E11130081DF08 /* Field.swift in Sources */,
				954EDBC826A54E0E00E0732F /* LoginCredentialSelectionView.swift in Sources */,
				95F9B38E26BD53D600EA6441 /* MasterPasswordSetupState.swift in Sources */,
				95F9B39726BD66AF00EA6441 /* BiometrySetupState.swift in Sources */,
				954220A32551887B002F14AB /* NoteInputField.swift in Sources */,
				95942D5326E7A2A1005E0151 /* StoreInfoSettingsState.swift in Sources */,
				9583BDDE26AB0105003BE064 /* SecureItemState.swift in Sources */,
				95E6BC1126EB545000A28DA4 /* AppServiceStoreInfo.swift in Sources */,
				9574337924AA23D30062B05A /* StoreItemEditView.swift in Sources */,
				95F9B38B26BD536700EA6441 /* MasterPasswordSetupView.swift in Sources */,
				954EDBA126A54DD900E0732F /* LoginCredentialSelectionState.swift in Sources */,
				9574335D24AA135E0062B05A /* StoreItemDetailView.swift in Sources */,
				9546356926DE4ABE001D81B7 /* AppServiceError.swift in Sources */,
				956A8B7626EB9FB30072053C /* StoreSettingsState.swift in Sources */,
				9574329624AA081B0062B05A /* PasswordItemState.swift in Sources */,
				9583BDD826AAF480003BE064 /* CreateItemView.swift in Sources */,
				954EDBC726A54E0E00E0732F /* QuickAccessView.swift in Sources */,
				9574333924AA135E0062B05A /* SetupView.swift in Sources */,
				95C90C2E2520B13C00860CAE /* MessageButtonStyle.swift in Sources */,
				9586490F251E12060081DF08 /* LoginField.swift in Sources */,
				956307292535ACAA0076022A /* SelectItemTypeView.swift in Sources */,
				9574333F24AA135E0062B05A /* MasterPasswordSettingsView.swift in Sources */,
				95ADC3432684CCC000BE3DFF /* SetupState.swift in Sources */,
				957432AA24AA081B0062B05A /* CustomItemState.swift in Sources */,
				954220AD25518A9C002F14AB /* WifiInputField.swift in Sources */,
				95F9B39426BD661800EA6441 /* RepeatMasterPasswordSetupState.swift in Sources */,
				95F9B39A26BD66DA00EA6441 /* FinishSetupState.swift in Sources */,
				9574329424AA081B0062B05A /* WifiItemState.swift in Sources */,
				95971DC22683D5B40076961D /* LoginCredentialField.swift in Sources */,
				957432A624AA081B0062B05A /* BankCardItemState.swift in Sources */,
				9521CE4526B6D9A50023F415 /* AppServiceProtocol.swift in Sources */,
				955180452695CBF7002783D6 /* SecuritySettingsState.swift in Sources */,
				9550ED762694AC0B00C519C2 /* MasterPasswordSettingsState.swift in Sources */,
				95F9B39126BD65B300EA6441 /* RepeatMasterPasswordSetupView.swift in Sources */,
				9574326E24AA081B0062B05A /* NoteItemState.swift in Sources */,
				95F9B3A026BD6BB800EA6441 /* FinishSetupView.swift in Sources */,
				9543A8B526AEE9A400830FE4 /* SecureItemTypeView.swift in Sources */,
				9542207B255183C1002F14AB /* Filestate.swift in Sources */,
				9501DBD026E9E26300265D7E /* AboutView.swift in Sources */,
				9551D3B32680CACA0000BC44 /* FailureView.swift in Sources */,
				9521CE4226B6D6BB0023F415 /* AppService.swift in Sources */,
				9574337A24AA23D30062B05A /* UnlockedView.swift in Sources */,
				95ADC3462684CD7600BE3DFF /* LockedState.swift in Sources */,
				9501DBCA26E9E1A500265D7E /* SyncSettingsView.swift in Sources */,
				95422088255186A4002F14AB /* BankAccountInputField.swift in Sources */,
				95864928251E137C0081DF08 /* WifiField.swift in Sources */,
				95942D5626E7A2E7005E0151 /* StoreInfoSettingsView.swift in Sources */,
				956D1A2126B8380D00A4ABF7 /* AppServiceBiometry.swift in Sources */,
				95864905251E11930081DF08 /* SecureToggleStyle.swift in Sources */,
				9574327E24AA081B0062B05A /* StoreItemEditState.swift in Sources */,
				95864919251E12AA0081DF08 /* FileField.swift in Sources */,
				9501DBCD26E9E1E200265D7E /* SyncSettingsState.swift in Sources */,
				958E17EB24ABD4DB00487EA4 /* App.swift in Sources */,
				9584698426D61A68007A56E3 /* PasswordInput.swift in Sources */,
				9588438925397F3100732E35 /* PasswordGeneratorView.swift in Sources */,
				9542209925518815002F14AB /* FileInputField.swift in Sources */,
				9583BDDB26AAF4DD003BE064 /* CreateItemState.swift in Sources */,
				95F9B39D26BD675A00EA6441 /* BiometrySetupView.swift in Sources */,
				9586495B251E24A60081DF08 /* BankAccountField.swift in Sources */,
				95864914251E126E0081DF08 /* PasswordField.swift in Sources */,
				9583BDE526AB0749003BE064 /* SecureItemView.swift in Sources */,
				9574329224AA081B0062B05A /* BankAccountItemState.swift in Sources */,
				9574327824AA081B0062B05A /* LoginItemState.swift in Sources */,
				95B0217E26EA48D100969F95 /* Info.swift in Sources */,
				957432A424AA081B0062B05A /* UnlockedState.swift in Sources */,
			);
			runOnlyForDeploymentPostprocessing = 0;
		};
		95ABC93F24A9D38E009D87A4 /* Sources */ = {
			isa = PBXSourcesBuildPhase;
			buildActionMask = 2147483647;
			files = (
				9574329324AA081B0062B05A /* BankAccountItemState.swift in Sources */,
				955180462695CBF7002783D6 /* SecuritySettingsState.swift in Sources */,
				957D681526CABAA300E277F4 /* SFSymbol.swift in Sources */,
				9546356D26DE4AE5001D81B7 /* AppServiceEvent.swift in Sources */,
				9574334024AA135E0062B05A /* MasterPasswordSettingsView.swift in Sources */,
				9542209F25518847002F14AB /* LoginInputField.swift in Sources */,
				954220952551878E002F14AB /* CustomInputField.swift in Sources */,
				956A8B7426EB9F3E0072053C /* StoreSettingsView.swift in Sources */,
				95864933251E13EE0081DF08 /* CustomField.swift in Sources */,
				9583BDD926AAF480003BE064 /* CreateItemView.swift in Sources */,
				9501DBD426E9E6E500265D7E /* ImageAsset.swift in Sources */,
				9574328724AA081B0062B05A /* StoreItemDetailState.swift in Sources */,
				95F72FF324EFDF52000E6E83 /* StoreItemInfoView.swift in Sources */,
				954EDBA326A54DDA00E0732F /* LoginCredentialSelectionState.swift in Sources */,
				9521837226D3E76A005AA5FB /* SetupContentView.swift in Sources */,
				956D1A2226B8380D00A4ABF7 /* AppServiceBiometry.swift in Sources */,
				9574327924AA081B0062B05A /* LoginItemState.swift in Sources */,
				9586493F251E14AD0081DF08 /* DateFooter.swift in Sources */,
				954EDBCA26A54E0E00E0732F /* LoginCredentialSelectionView.swift in Sources */,
				95E6BC0F26EB4CD700A28DA4 /* InfoField.swift in Sources */,
				95971DC32683D5B60076961D /* LoginCredentialField.swift in Sources */,
				95864924251E13210081DF08 /* BankCardField.swift in Sources */,
				9583BDDF26AB0105003BE064 /* SecureItemState.swift in Sources */,
				9586491F251E12D00081DF08 /* NoteField.swift in Sources */,
				954220A925518A5A002F14AB /* PasswordInputField.swift in Sources */,
				957D681726CABC2B00E277F4 /* LocalizedStringKey.swift in Sources */,
				95B63C5724AB98DC00152E55 /* UnlockedView.swift in Sources */,
				9574327F24AA081B0062B05A /* StoreItemEditState.swift in Sources */,
				9543A8B626AEE9A400830FE4 /* SecureItemTypeView.swift in Sources */,
				9542208E2551873C002F14AB /* BankCardInputField.swift in Sources */,
				95F9B38F26BD53D600EA6441 /* MasterPasswordSetupState.swift in Sources */,
				95F9B39826BD66AF00EA6441 /* BiometrySetupState.swift in Sources */,
				9574326F24AA081B0062B05A /* NoteItemState.swift in Sources */,
				95942D5426E7A2A1005E0151 /* StoreInfoSettingsState.swift in Sources */,
				954EDBA426A54DDA00E0732F /* QuickAccessState.swift in Sources */,
				95E6BC1226EB545000A28DA4 /* AppServiceStoreInfo.swift in Sources */,
				9574335C24AA135E0062B05A /* LockedView.swift in Sources */,
				958648FC251E11130081DF08 /* Field.swift in Sources */,
				9574329724AA081B0062B05A /* PasswordItemState.swift in Sources */,
				95F9B38C26BD536700EA6441 /* MasterPasswordSetupView.swift in Sources */,
				954220A42551887B002F14AB /* NoteInputField.swift in Sources */,
				956A8B7726EB9FB30072053C /* StoreSettingsState.swift in Sources */,
				9546356A26DE4ABE001D81B7 /* AppServiceError.swift in Sources */,
				9521CE4326B6D6BB0023F415 /* AppService.swift in Sources */,
				958E17EE24ABD71400487EA4 /* StoreItemEditView.swift in Sources */,
				95C90C2F2520B13C00860CAE /* MessageButtonStyle.swift in Sources */,
				9574322A24AA05430062B05A /* App.swift in Sources */,
				9574335024AA135E0062B05A /* SettingsView.swift in Sources */,
				95864910251E12060081DF08 /* LoginField.swift in Sources */,
				9563072A2535ACAA0076022A /* SelectItemTypeView.swift in Sources */,
				9574335E24AA135E0062B05A /* StoreItemDetailView.swift in Sources */,
				954220AE25518A9C002F14AB /* WifiInputField.swift in Sources */,
				9574329524AA081B0062B05A /* WifiItemState.swift in Sources */,
				95F9B39526BD661800EA6441 /* RepeatMasterPasswordSetupState.swift in Sources */,
				95F9B39B26BD66DA00EA6441 /* FinishSetupState.swift in Sources */,
				95775EC526906C1F005D2221 /* StoreItemDisplayView.swift in Sources */,
				9574334624AA135E0062B05A /* AppView.swift in Sources */,
				9574327724AA081B0062B05A /* SettingsState.swift in Sources */,
				9542207C255183C1002F14AB /* Filestate.swift in Sources */,
				9551D3B72680DFB40000BC44 /* ConfidentialText.swift in Sources */,
				95ADC3442684CCC000BE3DFF /* SetupState.swift in Sources */,
				95F9B39226BD65B300EA6441 /* RepeatMasterPasswordSetupView.swift in Sources */,
				95ADC3472684CD7600BE3DFF /* LockedState.swift in Sources */,
				95F9B3A126BD6BB800EA6441 /* FinishSetupView.swift in Sources */,
				9574333A24AA135E0062B05A /* SetupView.swift in Sources */,
				9583BDE626AB0749003BE064 /* SecureItemView.swift in Sources */,
				9501DBD126E9E26300265D7E /* AboutView.swift in Sources */,
				95422089255186A4002F14AB /* BankAccountInputField.swift in Sources */,
				95864929251E137C0081DF08 /* WifiField.swift in Sources */,
				9550ED772694AC0B00C519C2 /* MasterPasswordSettingsState.swift in Sources */,
				957432A724AA081B0062B05A /* BankCardItemState.swift in Sources */,
				9501DBCB26E9E1A500265D7E /* SyncSettingsView.swift in Sources */,
				95864906251E11930081DF08 /* SecureToggleStyle.swift in Sources */,
				954EDBC926A54E0E00E0732F /* QuickAccessView.swift in Sources */,
				95942D5726E7A2E7005E0151 /* StoreInfoSettingsView.swift in Sources */,
				957432A524AA081B0062B05A /* UnlockedState.swift in Sources */,
				95ADC3412684CA5D00BE3DFF /* AppState.swift in Sources */,
				9521CE4626B6D9A50023F415 /* AppServiceProtocol.swift in Sources */,
				9586491A251E12AA0081DF08 /* FileField.swift in Sources */,
				9501DBCE26E9E1E200265D7E /* SyncSettingsState.swift in Sources */,
				9542209A25518815002F14AB /* FileInputField.swift in Sources */,
				9584698526D61A68007A56E3 /* PasswordInput.swift in Sources */,
				955180492695CDE5002783D6 /* SecuritySettingsView.swift in Sources */,
				9530DB62268F42E200247AFF /* SecureItemField.swift in Sources */,
				9551D3B42680CACA0000BC44 /* FailureView.swift in Sources */,
				95F9B39E26BD675A00EA6441 /* BiometrySetupView.swift in Sources */,
				9588438A25397F3100732E35 /* PasswordGeneratorView.swift in Sources */,
				9586495C251E24A60081DF08 /* BankAccountField.swift in Sources */,
				95864915251E126E0081DF08 /* PasswordField.swift in Sources */,
				9583BDDC26AAF4DD003BE064 /* CreateItemState.swift in Sources */,
				957432AB24AA081B0062B05A /* CustomItemState.swift in Sources */,
				95B0217F26EA48D100969F95 /* Info.swift in Sources */,
				9593E8F9268C8CC5000FCC0F /* PasswordGeneratorState.swift in Sources */,
			);
			runOnlyForDeploymentPostprocessing = 0;
		};
/* End PBXSourcesBuildPhase section */

/* Begin PBXVariantGroup section */
		957D681926CABC5700E277F4 /* Localizable.strings */ = {
			isa = PBXVariantGroup;
			children = (
				957D681A26CABC5700E277F4 /* en */,
			);
			name = Localizable.strings;
			sourceTree = "<group>";
		};
/* End PBXVariantGroup section */

/* Begin XCBuildConfiguration section */
		95ABC94D24A9D38E009D87A4 /* Debug */ = {
			isa = XCBuildConfiguration;
			buildSettings = {
				ALWAYS_SEARCH_USER_PATHS = NO;
				CLANG_ANALYZER_LOCALIZABILITY_NONLOCALIZED = YES;
				CLANG_ANALYZER_NONNULL = YES;
				CLANG_ANALYZER_NUMBER_OBJECT_CONVERSION = YES_AGGRESSIVE;
				CLANG_CXX_LANGUAGE_STANDARD = "gnu++14";
				CLANG_CXX_LIBRARY = "libc++";
				CLANG_ENABLE_MODULES = YES;
				CLANG_ENABLE_OBJC_ARC = YES;
				CLANG_ENABLE_OBJC_WEAK = YES;
				CLANG_WARN_BLOCK_CAPTURE_AUTORELEASING = YES;
				CLANG_WARN_BOOL_CONVERSION = YES;
				CLANG_WARN_COMMA = YES;
				CLANG_WARN_CONSTANT_CONVERSION = YES;
				CLANG_WARN_DEPRECATED_OBJC_IMPLEMENTATIONS = YES;
				CLANG_WARN_DIRECT_OBJC_ISA_USAGE = YES_ERROR;
				CLANG_WARN_DOCUMENTATION_COMMENTS = YES;
				CLANG_WARN_EMPTY_BODY = YES;
				CLANG_WARN_ENUM_CONVERSION = YES;
				CLANG_WARN_INFINITE_RECURSION = YES;
				CLANG_WARN_INT_CONVERSION = YES;
				CLANG_WARN_NON_LITERAL_NULL_CONVERSION = YES;
				CLANG_WARN_OBJC_IMPLICIT_RETAIN_SELF = YES;
				CLANG_WARN_OBJC_LITERAL_CONVERSION = YES;
				CLANG_WARN_OBJC_ROOT_CLASS = YES_ERROR;
				CLANG_WARN_QUOTED_INCLUDE_IN_FRAMEWORK_HEADER = YES;
				CLANG_WARN_RANGE_LOOP_ANALYSIS = YES;
				CLANG_WARN_STRICT_PROTOTYPES = YES;
				CLANG_WARN_SUSPICIOUS_MOVE = YES;
				CLANG_WARN_UNGUARDED_AVAILABILITY = YES_AGGRESSIVE;
				CLANG_WARN_UNREACHABLE_CODE = YES;
				CLANG_WARN__DUPLICATE_METHOD_MATCH = YES;
				COPY_PHASE_STRIP = NO;
				DEBUG_INFORMATION_FORMAT = dwarf;
				ENABLE_STRICT_OBJC_MSGSEND = YES;
				ENABLE_TESTABILITY = YES;
				GCC_C_LANGUAGE_STANDARD = gnu11;
				GCC_DYNAMIC_NO_PIC = NO;
				GCC_NO_COMMON_BLOCKS = YES;
				GCC_OPTIMIZATION_LEVEL = 0;
				GCC_PREPROCESSOR_DEFINITIONS = (
					"DEBUG=1",
					"$(inherited)",
				);
				GCC_WARN_64_TO_32_BIT_CONVERSION = YES;
				GCC_WARN_ABOUT_RETURN_TYPE = YES_ERROR;
				GCC_WARN_UNDECLARED_SELECTOR = YES;
				GCC_WARN_UNINITIALIZED_AUTOS = YES_AGGRESSIVE;
				GCC_WARN_UNUSED_FUNCTION = YES;
				GCC_WARN_UNUSED_VARIABLE = YES;
				MTL_ENABLE_DEBUG_INFO = INCLUDE_SOURCE;
				MTL_FAST_MATH = YES;
				ONLY_ACTIVE_ARCH = YES;
				OTHER_SWIFT_FLAGS = "";
				SWIFT_ACTIVE_COMPILATION_CONDITIONS = DEBUG;
				SWIFT_OPTIMIZATION_LEVEL = "-Onone";
			};
			name = Debug;
		};
		95ABC94E24A9D38E009D87A4 /* Release */ = {
			isa = XCBuildConfiguration;
			buildSettings = {
				ALWAYS_SEARCH_USER_PATHS = NO;
				CLANG_ANALYZER_LOCALIZABILITY_NONLOCALIZED = YES;
				CLANG_ANALYZER_NONNULL = YES;
				CLANG_ANALYZER_NUMBER_OBJECT_CONVERSION = YES_AGGRESSIVE;
				CLANG_CXX_LANGUAGE_STANDARD = "gnu++14";
				CLANG_CXX_LIBRARY = "libc++";
				CLANG_ENABLE_MODULES = YES;
				CLANG_ENABLE_OBJC_ARC = YES;
				CLANG_ENABLE_OBJC_WEAK = YES;
				CLANG_WARN_BLOCK_CAPTURE_AUTORELEASING = YES;
				CLANG_WARN_BOOL_CONVERSION = YES;
				CLANG_WARN_COMMA = YES;
				CLANG_WARN_CONSTANT_CONVERSION = YES;
				CLANG_WARN_DEPRECATED_OBJC_IMPLEMENTATIONS = YES;
				CLANG_WARN_DIRECT_OBJC_ISA_USAGE = YES_ERROR;
				CLANG_WARN_DOCUMENTATION_COMMENTS = YES;
				CLANG_WARN_EMPTY_BODY = YES;
				CLANG_WARN_ENUM_CONVERSION = YES;
				CLANG_WARN_INFINITE_RECURSION = YES;
				CLANG_WARN_INT_CONVERSION = YES;
				CLANG_WARN_NON_LITERAL_NULL_CONVERSION = YES;
				CLANG_WARN_OBJC_IMPLICIT_RETAIN_SELF = YES;
				CLANG_WARN_OBJC_LITERAL_CONVERSION = YES;
				CLANG_WARN_OBJC_ROOT_CLASS = YES_ERROR;
				CLANG_WARN_QUOTED_INCLUDE_IN_FRAMEWORK_HEADER = YES;
				CLANG_WARN_RANGE_LOOP_ANALYSIS = YES;
				CLANG_WARN_STRICT_PROTOTYPES = YES;
				CLANG_WARN_SUSPICIOUS_MOVE = YES;
				CLANG_WARN_UNGUARDED_AVAILABILITY = YES_AGGRESSIVE;
				CLANG_WARN_UNREACHABLE_CODE = YES;
				CLANG_WARN__DUPLICATE_METHOD_MATCH = YES;
				COPY_PHASE_STRIP = NO;
				DEBUG_INFORMATION_FORMAT = "dwarf-with-dsym";
				ENABLE_NS_ASSERTIONS = NO;
				ENABLE_STRICT_OBJC_MSGSEND = YES;
				GCC_C_LANGUAGE_STANDARD = gnu11;
				GCC_NO_COMMON_BLOCKS = YES;
				GCC_WARN_64_TO_32_BIT_CONVERSION = YES;
				GCC_WARN_ABOUT_RETURN_TYPE = YES_ERROR;
				GCC_WARN_UNDECLARED_SELECTOR = YES;
				GCC_WARN_UNINITIALIZED_AUTOS = YES_AGGRESSIVE;
				GCC_WARN_UNUSED_FUNCTION = YES;
				GCC_WARN_UNUSED_VARIABLE = YES;
				MTL_ENABLE_DEBUG_INFO = NO;
				MTL_FAST_MATH = YES;
				OTHER_SWIFT_FLAGS = "";
				SWIFT_COMPILATION_MODE = wholemodule;
				SWIFT_OPTIMIZATION_LEVEL = "-O";
			};
			name = Release;
		};
		95ABC95024A9D38E009D87A4 /* Debug */ = {
			isa = XCBuildConfiguration;
			buildSettings = {
				ASSETCATALOG_COMPILER_APPICON_NAME = AppIcon;
				ASSETCATALOG_COMPILER_GLOBAL_ACCENT_COLOR_NAME = "";
				ASSETCATALOG_COMPILER_INCLUDE_ALL_APPICON_ASSETS = NO;
				CODE_SIGN_ENTITLEMENTS = iOS/App.entitlements;
				CODE_SIGN_IDENTITY = "Apple Development";
				CODE_SIGN_STYLE = Automatic;
				CURRENT_PROJECT_VERSION = 17;
				DEVELOPMENT_ASSET_PATHS = Resource/Development.xcassets;
				DEVELOPMENT_TEAM = HX3QTQLX65;
				ENABLE_PREVIEWS = YES;
				EXCLUDED_SOURCE_FILE_NAMES = "";
				INFOPLIST_FILE = iOS/AppInfo.plist;
				IPHONEOS_DEPLOYMENT_TARGET = 15.0;
				LD_RUNPATH_SEARCH_PATHS = (
					"$(inherited)",
					"@executable_path/Frameworks",
				);
				MARKETING_VERSION = 0.14.0;
				OTHER_SWIFT_FLAGS = "";
				PRODUCT_BUNDLE_IDENTIFIER = io.hyperium.vault;
				PRODUCT_NAME = Vault;
				PROVISIONING_PROFILE_SPECIFIER = "";
				SDKROOT = iphoneos;
				SWIFT_VERSION = 5.0;
				TARGETED_DEVICE_FAMILY = "1,2";
			};
			name = Debug;
		};
		95ABC95124A9D38E009D87A4 /* Release */ = {
			isa = XCBuildConfiguration;
			buildSettings = {
				ASSETCATALOG_COMPILER_APPICON_NAME = AppIcon;
				ASSETCATALOG_COMPILER_GLOBAL_ACCENT_COLOR_NAME = "";
				ASSETCATALOG_COMPILER_INCLUDE_ALL_APPICON_ASSETS = NO;
				CODE_SIGN_ENTITLEMENTS = iOS/App.entitlements;
				CODE_SIGN_IDENTITY = "Apple Development";
				CODE_SIGN_STYLE = Automatic;
				CURRENT_PROJECT_VERSION = 17;
				DEVELOPMENT_ASSET_PATHS = Resource/Development.xcassets;
				DEVELOPMENT_TEAM = HX3QTQLX65;
				ENABLE_PREVIEWS = YES;
				EXCLUDED_SOURCE_FILE_NAMES = "";
				INFOPLIST_FILE = iOS/AppInfo.plist;
				IPHONEOS_DEPLOYMENT_TARGET = 15.0;
				LD_RUNPATH_SEARCH_PATHS = (
					"$(inherited)",
					"@executable_path/Frameworks",
				);
				MARKETING_VERSION = 0.14.0;
				OTHER_SWIFT_FLAGS = "";
				PRODUCT_BUNDLE_IDENTIFIER = io.hyperium.vault;
				PRODUCT_NAME = Vault;
				PROVISIONING_PROFILE_SPECIFIER = "";
				SDKROOT = iphoneos;
				SWIFT_VERSION = 5.0;
				TARGETED_DEVICE_FAMILY = "1,2";
				VALIDATE_PRODUCT = YES;
			};
			name = Release;
		};
		95ABC95324A9D38E009D87A4 /* Debug */ = {
			isa = XCBuildConfiguration;
			buildSettings = {
				ALWAYS_EMBED_SWIFT_STANDARD_LIBRARIES = YES;
				ASSETCATALOG_COMPILER_APPICON_NAME = AppIcon;
				ASSETCATALOG_COMPILER_GLOBAL_ACCENT_COLOR_NAME = "";
				CODE_SIGN_ENTITLEMENTS = macOS/App.entitlements;
				CODE_SIGN_IDENTITY = "Apple Development";
				CODE_SIGN_STYLE = Automatic;
				COMBINE_HIDPI_IMAGES = YES;
				CURRENT_PROJECT_VERSION = 17;
				DEVELOPMENT_ASSET_PATHS = Resource/Development.xcassets;
				DEVELOPMENT_TEAM = HX3QTQLX65;
				ENABLE_HARDENED_RUNTIME = YES;
				ENABLE_PREVIEWS = YES;
				INFOPLIST_FILE = macOS/AppInfo.plist;
				LD_RUNPATH_SEARCH_PATHS = (
					"$(inherited)",
					"@executable_path/../Frameworks",
				);
				MACOSX_DEPLOYMENT_TARGET = 12.0;
				MARKETING_VERSION = 0.14.0;
				OTHER_SWIFT_FLAGS = "";
				PRODUCT_BUNDLE_IDENTIFIER = io.hyperium.vault;
				PRODUCT_MODULE_NAME = Vault;
				PRODUCT_NAME = Vault;
				PROVISIONING_PROFILE_SPECIFIER = "";
				SDKROOT = macosx;
				SWIFT_VERSION = 5.0;
			};
			name = Debug;
		};
		95ABC95424A9D38E009D87A4 /* Release */ = {
			isa = XCBuildConfiguration;
			buildSettings = {
				ALWAYS_EMBED_SWIFT_STANDARD_LIBRARIES = YES;
				ASSETCATALOG_COMPILER_APPICON_NAME = AppIcon;
				ASSETCATALOG_COMPILER_GLOBAL_ACCENT_COLOR_NAME = "";
				CODE_SIGN_ENTITLEMENTS = macOS/App.entitlements;
				CODE_SIGN_IDENTITY = "Apple Development";
				CODE_SIGN_STYLE = Automatic;
				COMBINE_HIDPI_IMAGES = YES;
				CURRENT_PROJECT_VERSION = 17;
				DEVELOPMENT_ASSET_PATHS = Resource/Development.xcassets;
				DEVELOPMENT_TEAM = HX3QTQLX65;
				ENABLE_HARDENED_RUNTIME = YES;
				ENABLE_PREVIEWS = YES;
				INFOPLIST_FILE = macOS/AppInfo.plist;
				LD_RUNPATH_SEARCH_PATHS = (
					"$(inherited)",
					"@executable_path/../Frameworks",
				);
				MACOSX_DEPLOYMENT_TARGET = 12.0;
				MARKETING_VERSION = 0.14.0;
				OTHER_SWIFT_FLAGS = "";
				PRODUCT_BUNDLE_IDENTIFIER = io.hyperium.vault;
				PRODUCT_MODULE_NAME = Vault;
				PRODUCT_NAME = Vault;
				PROVISIONING_PROFILE_SPECIFIER = "";
				SDKROOT = macosx;
				SWIFT_VERSION = 5.0;
			};
			name = Release;
		};
/* End XCBuildConfiguration section */

/* Begin XCConfigurationList section */
		95ABC93224A9D38E009D87A4 /* Build configuration list for PBXProject "Vault" */ = {
			isa = XCConfigurationList;
			buildConfigurations = (
				95ABC94D24A9D38E009D87A4 /* Debug */,
				95ABC94E24A9D38E009D87A4 /* Release */,
			);
			defaultConfigurationIsVisible = 0;
			defaultConfigurationName = Release;
		};
		95ABC94F24A9D38E009D87A4 /* Build configuration list for PBXNativeTarget "iOSApp" */ = {
			isa = XCConfigurationList;
			buildConfigurations = (
				95ABC95024A9D38E009D87A4 /* Debug */,
				95ABC95124A9D38E009D87A4 /* Release */,
			);
			defaultConfigurationIsVisible = 0;
			defaultConfigurationName = Release;
		};
		95ABC95224A9D38E009D87A4 /* Build configuration list for PBXNativeTarget "macOSApp" */ = {
			isa = XCConfigurationList;
			buildConfigurations = (
				95ABC95324A9D38E009D87A4 /* Debug */,
				95ABC95424A9D38E009D87A4 /* Release */,
			);
			defaultConfigurationIsVisible = 0;
			defaultConfigurationName = Release;
		};
/* End XCConfigurationList section */

/* Begin XCSwiftPackageProductDependency section */
		950C70382548205A001BB318 /* Crypto */ = {
			isa = XCSwiftPackageProductDependency;
			productName = Crypto;
		};
		950C703C2548206C001BB318 /* Crypto */ = {
			isa = XCSwiftPackageProductDependency;
			productName = Crypto;
		};
		9521CE3C26B5B85A0023F415 /* Persistence */ = {
			isa = XCSwiftPackageProductDependency;
			productName = Persistence;
		};
		9521CE3E26B5B8610023F415 /* Persistence */ = {
			isa = XCSwiftPackageProductDependency;
			productName = Persistence;
		};
		953851142563E82B00C305F2 /* Format */ = {
			isa = XCSwiftPackageProductDependency;
			productName = Format;
		};
		953F1A4D269F6CC0006856E0 /* Configuration */ = {
			isa = XCSwiftPackageProductDependency;
			productName = Configuration;
		};
		953F1A4F269F6CC4006856E0 /* Configuration */ = {
			isa = XCSwiftPackageProductDependency;
			productName = Configuration;
		};
		9560767126EC8E4A00EE0D3A /* Transfer */ = {
			isa = XCSwiftPackageProductDependency;
			productName = Transfer;
		};
		9560767326EC8E5500EE0D3A /* Transfer */ = {
			isa = XCSwiftPackageProductDependency;
			productName = Transfer;
		};
		9560767726ED03D600EE0D3A /* Collection */ = {
			isa = XCSwiftPackageProductDependency;
			productName = Collection;
		};
		9560767926ED03E800EE0D3A /* Collection */ = {
			isa = XCSwiftPackageProductDependency;
			productName = Collection;
		};
		958422EB26BC3D400084D319 /* Haptic */ = {
			isa = XCSwiftPackageProductDependency;
			productName = Haptic;
		};
		958422ED26BC3D480084D319 /* Haptic */ = {
			isa = XCSwiftPackageProductDependency;
			productName = Haptic;
		};
		9597995B26F47E770059EB11 /* Common */ = {
			isa = XCSwiftPackageProductDependency;
			productName = Common;
		};
		9597995D26F47E810059EB11 /* Common */ = {
			isa = XCSwiftPackageProductDependency;
			productName = Common;
		};
		95AA68DA2565420E00616D56 /* Format */ = {
			isa = XCSwiftPackageProductDependency;
			productName = Format;
		};
		95ABC96024A9D5AA009D87A4 /* Pasteboard */ = {
			isa = XCSwiftPackageProductDependency;
			productName = Pasteboard;
		};
		95ABC96224A9D5AA009D87A4 /* Preferences */ = {
			isa = XCSwiftPackageProductDependency;
			productName = Preferences;
		};
		95ABC96424A9D5AA009D87A4 /* Search */ = {
			isa = XCSwiftPackageProductDependency;
			productName = Search;
		};
		95ABC96C24A9D5B8009D87A4 /* Pasteboard */ = {
			isa = XCSwiftPackageProductDependency;
			productName = Pasteboard;
		};
		95ABC96E24A9D5B8009D87A4 /* Preferences */ = {
			isa = XCSwiftPackageProductDependency;
			productName = Preferences;
		};
		95ABC97024A9D5B8009D87A4 /* Search */ = {
			isa = XCSwiftPackageProductDependency;
			productName = Search;
		};
		95ADC33726849ED800BE3DFF /* Model */ = {
			isa = XCSwiftPackageProductDependency;
			productName = Model;
		};
		95ADC33926849EE200BE3DFF /* Model */ = {
			isa = XCSwiftPackageProductDependency;
			productName = Model;
		};
		95BA9593268C535800B59DAC /* Sync */ = {
			isa = XCSwiftPackageProductDependency;
			productName = Sync;
		};
		95BA9595268C535F00B59DAC /* Sync */ = {
			isa = XCSwiftPackageProductDependency;
			productName = Sync;
		};
		95C07B3C26B53E7500E3D4DA /* Shim */ = {
			isa = XCSwiftPackageProductDependency;
			productName = Shim;
		};
		95C07B3E26B53E7C00E3D4DA /* Shim */ = {
			isa = XCSwiftPackageProductDependency;
			productName = Shim;
		};
/* End XCSwiftPackageProductDependency section */
	};
	rootObject = 95ABC92F24A9D38E009D87A4 /* Project object */;
}
