// !$*UTF8*$!
{
	archiveVersion = 1;
	classes = {
	};
	objectVersion = 52;
	objects = {

/* Begin PBXBuildFile section */
		9517BFB4236B327D00195DC7 /* DataExtensionTestCase.swift in Sources */ = {isa = PBXBuildFile; fileRef = 9517BFB3236B327D00195DC7 /* DataExtensionTestCase.swift */; };
		951C3396243633F5002AA4CD /* Vault.swift in Sources */ = {isa = PBXBuildFile; fileRef = 951C3395243633F5002AA4CD /* Vault.swift */; };
		951C33982436348C002AA4CD /* CreateMasterKeyPublisher.swift in Sources */ = {isa = PBXBuildFile; fileRef = 951C33972436348C002AA4CD /* CreateMasterKeyPublisher.swift */; };
		951C339D2436388A002AA4CD /* Localizable.swift in Sources */ = {isa = PBXBuildFile; fileRef = 951C339B2436388A002AA4CD /* Localizable.swift */; };
		951C339E2436388A002AA4CD /* Localizable.strings in Resources */ = {isa = PBXBuildFile; fileRef = 951C339C2436388A002AA4CD /* Localizable.strings */; };
		951C33A024364965002AA4CD /* FileExistsPublisher.swift in Sources */ = {isa = PBXBuildFile; fileRef = 951C339F24364965002AA4CD /* FileExistsPublisher.swift */; };
		951C33A224367707002AA4CD /* View.swift in Sources */ = {isa = PBXBuildFile; fileRef = 951C33A124367707002AA4CD /* View.swift */; };
		951C33A524367786002AA4CD /* ApplicationController.swift in Sources */ = {isa = PBXBuildFile; fileRef = 951C33A424367786002AA4CD /* ApplicationController.swift */; };
		951C33A724367A64002AA4CD /* ContentWindowController.swift in Sources */ = {isa = PBXBuildFile; fileRef = 951C33A624367A64002AA4CD /* ContentWindowController.swift */; };
		951C33AC24367F5D002AA4CD /* SetupModel.swift in Sources */ = {isa = PBXBuildFile; fileRef = 951C33AB24367F5D002AA4CD /* SetupModel.swift */; };
		951C33AF24368002002AA4CD /* SetupView.swift in Sources */ = {isa = PBXBuildFile; fileRef = 951C33AE24368002002AA4CD /* SetupView.swift */; };
		951C33B124368015002AA4CD /* ActivityIndicator.swift in Sources */ = {isa = PBXBuildFile; fileRef = 951C33B024368015002AA4CD /* ActivityIndicator.swift */; };
		951C33B32436869E002AA4CD /* ContentModel.swift in Sources */ = {isa = PBXBuildFile; fileRef = 951C33B22436869E002AA4CD /* ContentModel.swift */; };
		951C33B524368757002AA4CD /* ContentView.swift in Sources */ = {isa = PBXBuildFile; fileRef = 951C33B424368757002AA4CD /* ContentView.swift */; };
		951C33B724368848002AA4CD /* VaultView.swift in Sources */ = {isa = PBXBuildFile; fileRef = 951C33B624368848002AA4CD /* VaultView.swift */; };
		952750FD23F080C900AFE423 /* UnsignedIntegerExtension.swift in Sources */ = {isa = PBXBuildFile; fileRef = 952750FC23F080C900AFE423 /* UnsignedIntegerExtension.swift */; };
		952750FF23F0815300AFE423 /* RangeExtension.swift in Sources */ = {isa = PBXBuildFile; fileRef = 952750FE23F0815300AFE423 /* RangeExtension.swift */; };
		952A237923F4320800142C38 /* ContiguousBytesExtension.swift in Sources */ = {isa = PBXBuildFile; fileRef = 952A237823F4320800142C38 /* ContiguousBytesExtension.swift */; };
		952A237B23F4350100142C38 /* SecureData.swift in Sources */ = {isa = PBXBuildFile; fileRef = 952A237A23F4350100142C38 /* SecureData.swift */; };
		952A237F23F44F6700142C38 /* MasterKeyContainer.swift in Sources */ = {isa = PBXBuildFile; fileRef = 952A237E23F44F6700142C38 /* MasterKeyContainer.swift */; };
		953EF2882444BB5B00627B1B /* Comparable.swift in Sources */ = {isa = PBXBuildFile; fileRef = 953EF2872444BB5B00627B1B /* Comparable.swift */; };
		953EF2892444BB5F00627B1B /* Comparable.swift in Sources */ = {isa = PBXBuildFile; fileRef = 953EF2872444BB5B00627B1B /* Comparable.swift */; };
		954FA4F42369D59F005BB821 /* RNGStubTestCase.swift in Sources */ = {isa = PBXBuildFile; fileRef = 954FA4F32369D59F005BB821 /* RNGStubTestCase.swift */; };
		95611239243780DD00028F6E /* LoginView.swift in Sources */ = {isa = PBXBuildFile; fileRef = 95611238243780DD00028F6E /* LoginView.swift */; };
		9561123B243780F300028F6E /* VaultModel.swift in Sources */ = {isa = PBXBuildFile; fileRef = 9561123A243780F300028F6E /* VaultModel.swift */; };
		9561123D243780FC00028F6E /* LoginModel.swift in Sources */ = {isa = PBXBuildFile; fileRef = 9561123C243780FC00028F6E /* LoginModel.swift */; };
		9561123F2437D45D00028F6E /* DecodeMasterKeyPublisher.swift in Sources */ = {isa = PBXBuildFile; fileRef = 9561123E2437D45D00028F6E /* DecodeMasterKeyPublisher.swift */; };
		9561124224389D6600028F6E /* MainMenuController.swift in Sources */ = {isa = PBXBuildFile; fileRef = 9561124124389D6600028F6E /* MainMenuController.swift */; };
		9561124524389EA400028F6E /* NSMenuExtension.swift in Sources */ = {isa = PBXBuildFile; fileRef = 9561124424389EA400028F6E /* NSMenuExtension.swift */; };
		956112462438DBC900028F6E /* ContentModel.swift in Sources */ = {isa = PBXBuildFile; fileRef = 951C33B22436869E002AA4CD /* ContentModel.swift */; };
		956112472438DBC900028F6E /* SetupModel.swift in Sources */ = {isa = PBXBuildFile; fileRef = 951C33AB24367F5D002AA4CD /* SetupModel.swift */; };
		956112482438DBC900028F6E /* LoginModel.swift in Sources */ = {isa = PBXBuildFile; fileRef = 9561123C243780FC00028F6E /* LoginModel.swift */; };
		956112492438DBC900028F6E /* VaultModel.swift in Sources */ = {isa = PBXBuildFile; fileRef = 9561123A243780F300028F6E /* VaultModel.swift */; };
		9561124A2438DBD100028F6E /* CreateMasterKeyPublisher.swift in Sources */ = {isa = PBXBuildFile; fileRef = 951C33972436348C002AA4CD /* CreateMasterKeyPublisher.swift */; };
		9561124B2438DBD100028F6E /* DecodeMasterKeyPublisher.swift in Sources */ = {isa = PBXBuildFile; fileRef = 9561123E2437D45D00028F6E /* DecodeMasterKeyPublisher.swift */; };
		9561124C2438DBD100028F6E /* FileExistsPublisher.swift in Sources */ = {isa = PBXBuildFile; fileRef = 951C339F24364965002AA4CD /* FileExistsPublisher.swift */; };
		9561124D2438DBD700028F6E /* Vault.swift in Sources */ = {isa = PBXBuildFile; fileRef = 951C3395243633F5002AA4CD /* Vault.swift */; };
		9561124E2438DBD700028F6E /* SecureContainer.swift in Sources */ = {isa = PBXBuildFile; fileRef = 95D2936F24082FAF00FDD6F4 /* SecureContainer.swift */; };
		9561124F2438DBDA00028F6E /* FileReader.swift in Sources */ = {isa = PBXBuildFile; fileRef = 95D2936C2408293400FDD6F4 /* FileReader.swift */; };
		956112502438DBDA00028F6E /* ManagedBuffer.swift in Sources */ = {isa = PBXBuildFile; fileRef = 95D2936A2408286B00FDD6F4 /* ManagedBuffer.swift */; };
		956112512438DBDA00028F6E /* ByteBufferContext.swift in Sources */ = {isa = PBXBuildFile; fileRef = 95F5193123F1599300C5ECA9 /* ByteBufferContext.swift */; };
		956112522438DBDA00028F6E /* DataContainer.swift in Sources */ = {isa = PBXBuildFile; fileRef = 95D29360240826B200FDD6F4 /* DataContainer.swift */; };
		956112532438DBDE00028F6E /* FileCoding.swift in Sources */ = {isa = PBXBuildFile; fileRef = 95D29363240826FE00FDD6F4 /* FileCoding.swift */; };
		956112542438DBDE00028F6E /* LoginCoding.swift in Sources */ = {isa = PBXBuildFile; fileRef = 95D29364240826FE00FDD6F4 /* LoginCoding.swift */; };
		956112552438DBDE00028F6E /* PasswordCoding.swift in Sources */ = {isa = PBXBuildFile; fileRef = 95D29362240826FE00FDD6F4 /* PasswordCoding.swift */; };
		956112562438DBDE00028F6E /* SecureContainerItemCoding.swift in Sources */ = {isa = PBXBuildFile; fileRef = 95D29365240826FE00FDD6F4 /* SecureContainerItemCoding.swift */; };
		956112572438DBDE00028F6E /* CodingError.swift in Sources */ = {isa = PBXBuildFile; fileRef = 95D293572408259D00FDD6F4 /* CodingError.swift */; };
		956112582438DBDE00028F6E /* UnsignedInteger32BitCoding.swift in Sources */ = {isa = PBXBuildFile; fileRef = 95D2935C2408261700FDD6F4 /* UnsignedInteger32BitCoding.swift */; };
		956112592438DBE100028F6E /* File.swift in Sources */ = {isa = PBXBuildFile; fileRef = 95D2933D2408247000FDD6F4 /* File.swift */; };
		9561125A2438DBE100028F6E /* Login.swift in Sources */ = {isa = PBXBuildFile; fileRef = 95D2933F2408247100FDD6F4 /* Login.swift */; };
		9561125B2438DBE100028F6E /* Password.swift in Sources */ = {isa = PBXBuildFile; fileRef = 95D2933E2408247100FDD6F4 /* Password.swift */; };
		9561125C2438DBE700028F6E /* ContiguousBytesExtension.swift in Sources */ = {isa = PBXBuildFile; fileRef = 952A237823F4320800142C38 /* ContiguousBytesExtension.swift */; };
		9561125D2438DBE700028F6E /* DataExtension.swift in Sources */ = {isa = PBXBuildFile; fileRef = 95F5193823F15DE200C5ECA9 /* DataExtension.swift */; };
		9561125E2438DBE700028F6E /* RangeExtension.swift in Sources */ = {isa = PBXBuildFile; fileRef = 952750FE23F0815300AFE423 /* RangeExtension.swift */; };
		9561125F2438DBE700028F6E /* UnsignedIntegerExtension.swift in Sources */ = {isa = PBXBuildFile; fileRef = 952750FC23F080C900AFE423 /* UnsignedIntegerExtension.swift */; };
		956112602438DBE700028F6E /* View.swift in Sources */ = {isa = PBXBuildFile; fileRef = 951C33A124367707002AA4CD /* View.swift */; };
		956112612438DBED00028F6E /* SecureData.swift in Sources */ = {isa = PBXBuildFile; fileRef = 952A237A23F4350100142C38 /* SecureData.swift */; };
		956112622438DBED00028F6E /* SecureDataByteBuffer.swift in Sources */ = {isa = PBXBuildFile; fileRef = 95F5193C23F1601100C5ECA9 /* SecureDataByteBuffer.swift */; };
		956112632438DBED00028F6E /* MasterKeyContainer.swift in Sources */ = {isa = PBXBuildFile; fileRef = 952A237E23F44F6700142C38 /* MasterKeyContainer.swift */; };
		956112792438DC9A00028F6E /* ListItem.swift in Sources */ = {isa = PBXBuildFile; fileRef = 956112782438DC9A00028F6E /* ListItem.swift */; };
		95791A6623B61CE20096DC79 /* CryptoWrapper.c in Sources */ = {isa = PBXBuildFile; fileRef = 957D62F3238815D7000577FE /* CryptoWrapper.c */; };
		957D62F62388221C000577FE /* CryptoWrapper.c in Sources */ = {isa = PBXBuildFile; fileRef = 957D62F3238815D7000577FE /* CryptoWrapper.c */; };
		95ACF7CA236F00B100128702 /* SymmetricKeyUnwrapMock.swift in Sources */ = {isa = PBXBuildFile; fileRef = 95ACF7C9236F00B100128702 /* SymmetricKeyUnwrapMock.swift */; };
		95B20B4623BA1840005D71CD /* KeyDerivation.swift in Sources */ = {isa = PBXBuildFile; fileRef = 95B20B4523BA1840005D71CD /* KeyDerivation.swift */; };
		95B20B4723BA1840005D71CD /* KeyDerivation.swift in Sources */ = {isa = PBXBuildFile; fileRef = 95B20B4523BA1840005D71CD /* KeyDerivation.swift */; };
		95C12DBB2365B9C100460726 /* RNGStub.swift in Sources */ = {isa = PBXBuildFile; fileRef = 95C12DBA2365B9C100460726 /* RNGStub.swift */; };
		95C12DBD2365B9C900460726 /* SaltTestCase.swift in Sources */ = {isa = PBXBuildFile; fileRef = 95C12DBC2365B9C900460726 /* SaltTestCase.swift */; };
		95C12DBF2365B9D200460726 /* Salt.swift in Sources */ = {isa = PBXBuildFile; fileRef = 95C12DBE2365B9D200460726 /* Salt.swift */; };
		95C12DC02365B9E800460726 /* Salt.swift in Sources */ = {isa = PBXBuildFile; fileRef = 95C12DBE2365B9D200460726 /* Salt.swift */; };
		95C12DC52365C5F500460726 /* KeyCryptorTestCase.swift in Sources */ = {isa = PBXBuildFile; fileRef = 95C12DC42365C5F400460726 /* KeyCryptorTestCase.swift */; };
		95D1C26A236CCD22001E66D7 /* SymmetricKeyWrapMock.swift in Sources */ = {isa = PBXBuildFile; fileRef = 95D1C269236CCD22001E66D7 /* SymmetricKeyWrapMock.swift */; };
		95D293412408247100FDD6F4 /* File.swift in Sources */ = {isa = PBXBuildFile; fileRef = 95D2933D2408247000FDD6F4 /* File.swift */; };
		95D293422408247100FDD6F4 /* Password.swift in Sources */ = {isa = PBXBuildFile; fileRef = 95D2933E2408247100FDD6F4 /* Password.swift */; };
		95D293432408247100FDD6F4 /* Login.swift in Sources */ = {isa = PBXBuildFile; fileRef = 95D2933F2408247100FDD6F4 /* Login.swift */; };
		95D293582408259D00FDD6F4 /* CodingError.swift in Sources */ = {isa = PBXBuildFile; fileRef = 95D293572408259D00FDD6F4 /* CodingError.swift */; };
		95D2935D2408261700FDD6F4 /* UnsignedInteger32BitCoding.swift in Sources */ = {isa = PBXBuildFile; fileRef = 95D2935C2408261700FDD6F4 /* UnsignedInteger32BitCoding.swift */; };
		95D29361240826B200FDD6F4 /* DataContainer.swift in Sources */ = {isa = PBXBuildFile; fileRef = 95D29360240826B200FDD6F4 /* DataContainer.swift */; };
		95D29366240826FE00FDD6F4 /* PasswordCoding.swift in Sources */ = {isa = PBXBuildFile; fileRef = 95D29362240826FE00FDD6F4 /* PasswordCoding.swift */; };
		95D29367240826FE00FDD6F4 /* FileCoding.swift in Sources */ = {isa = PBXBuildFile; fileRef = 95D29363240826FE00FDD6F4 /* FileCoding.swift */; };
		95D29368240826FE00FDD6F4 /* LoginCoding.swift in Sources */ = {isa = PBXBuildFile; fileRef = 95D29364240826FE00FDD6F4 /* LoginCoding.swift */; };
		95D29369240826FE00FDD6F4 /* SecureContainerItemCoding.swift in Sources */ = {isa = PBXBuildFile; fileRef = 95D29365240826FE00FDD6F4 /* SecureContainerItemCoding.swift */; };
		95D2936B2408286B00FDD6F4 /* ManagedBuffer.swift in Sources */ = {isa = PBXBuildFile; fileRef = 95D2936A2408286B00FDD6F4 /* ManagedBuffer.swift */; };
		95D2936D2408293400FDD6F4 /* FileReader.swift in Sources */ = {isa = PBXBuildFile; fileRef = 95D2936C2408293400FDD6F4 /* FileReader.swift */; };
		95D2937024082FAF00FDD6F4 /* SecureContainer.swift in Sources */ = {isa = PBXBuildFile; fileRef = 95D2936F24082FAF00FDD6F4 /* SecureContainer.swift */; };
		95F5193223F1599300C5ECA9 /* ByteBufferContext.swift in Sources */ = {isa = PBXBuildFile; fileRef = 95F5193123F1599300C5ECA9 /* ByteBufferContext.swift */; };
		95F5193423F15BCF00C5ECA9 /* KeyCryptor.swift in Sources */ = {isa = PBXBuildFile; fileRef = 95F5193323F15BCF00C5ECA9 /* KeyCryptor.swift */; };
		95F5193723F15D6E00C5ECA9 /* KeyCryptor.swift in Sources */ = {isa = PBXBuildFile; fileRef = 95F5193323F15BCF00C5ECA9 /* KeyCryptor.swift */; };
		95F5193923F15DE200C5ECA9 /* DataExtension.swift in Sources */ = {isa = PBXBuildFile; fileRef = 95F5193823F15DE200C5ECA9 /* DataExtension.swift */; };
		95F5193D23F1601100C5ECA9 /* SecureDataByteBuffer.swift in Sources */ = {isa = PBXBuildFile; fileRef = 95F5193C23F1601100C5ECA9 /* SecureDataByteBuffer.swift */; };
		95F90422235DEAB700B1CFDB /* main.swift in Sources */ = {isa = PBXBuildFile; fileRef = 95F90420235DEAB700B1CFDB /* main.swift */; };
/* End PBXBuildFile section */

/* Begin PBXContainerItemProxy section */
		95791A6423B616780096DC79 /* PBXContainerItemProxy */ = {
			isa = PBXContainerItemProxy;
			containerPortal = 957B519B235C566F00201445 /* Project object */;
			proxyType = 1;
			remoteGlobalIDString = 95768D85235DE6F600BA7DC6;
			remoteInfo = Vault;
		};
/* End PBXContainerItemProxy section */

/* Begin PBXFileReference section */
		9517BFB3236B327D00195DC7 /* DataExtensionTestCase.swift */ = {isa = PBXFileReference; lastKnownFileType = sourcecode.swift; path = DataExtensionTestCase.swift; sourceTree = "<group>"; };
		951C3395243633F5002AA4CD /* Vault.swift */ = {isa = PBXFileReference; fileEncoding = 4; lastKnownFileType = sourcecode.swift; path = Vault.swift; sourceTree = "<group>"; };
		951C33972436348C002AA4CD /* CreateMasterKeyPublisher.swift */ = {isa = PBXFileReference; fileEncoding = 4; lastKnownFileType = sourcecode.swift; path = CreateMasterKeyPublisher.swift; sourceTree = "<group>"; };
		951C339B2436388A002AA4CD /* Localizable.swift */ = {isa = PBXFileReference; fileEncoding = 4; lastKnownFileType = sourcecode.swift; path = Localizable.swift; sourceTree = "<group>"; };
		951C339C2436388A002AA4CD /* Localizable.strings */ = {isa = PBXFileReference; fileEncoding = 4; lastKnownFileType = text.plist.strings; path = Localizable.strings; sourceTree = "<group>"; };
		951C339F24364965002AA4CD /* FileExistsPublisher.swift */ = {isa = PBXFileReference; lastKnownFileType = sourcecode.swift; path = FileExistsPublisher.swift; sourceTree = "<group>"; };
		951C33A124367707002AA4CD /* View.swift */ = {isa = PBXFileReference; fileEncoding = 4; lastKnownFileType = sourcecode.swift; path = View.swift; sourceTree = "<group>"; };
		951C33A424367786002AA4CD /* ApplicationController.swift */ = {isa = PBXFileReference; fileEncoding = 4; lastKnownFileType = sourcecode.swift; path = ApplicationController.swift; sourceTree = "<group>"; };
		951C33A624367A64002AA4CD /* ContentWindowController.swift */ = {isa = PBXFileReference; fileEncoding = 4; lastKnownFileType = sourcecode.swift; path = ContentWindowController.swift; sourceTree = "<group>"; };
		951C33AB24367F5D002AA4CD /* SetupModel.swift */ = {isa = PBXFileReference; fileEncoding = 4; lastKnownFileType = sourcecode.swift; path = SetupModel.swift; sourceTree = "<group>"; };
		951C33AE24368002002AA4CD /* SetupView.swift */ = {isa = PBXFileReference; fileEncoding = 4; lastKnownFileType = sourcecode.swift; path = SetupView.swift; sourceTree = "<group>"; };
		951C33B024368015002AA4CD /* ActivityIndicator.swift */ = {isa = PBXFileReference; fileEncoding = 4; lastKnownFileType = sourcecode.swift; path = ActivityIndicator.swift; sourceTree = "<group>"; };
		951C33B22436869E002AA4CD /* ContentModel.swift */ = {isa = PBXFileReference; fileEncoding = 4; lastKnownFileType = sourcecode.swift; path = ContentModel.swift; sourceTree = "<group>"; };
		951C33B424368757002AA4CD /* ContentView.swift */ = {isa = PBXFileReference; fileEncoding = 4; lastKnownFileType = sourcecode.swift; path = ContentView.swift; sourceTree = "<group>"; };
		951C33B624368848002AA4CD /* VaultView.swift */ = {isa = PBXFileReference; lastKnownFileType = sourcecode.swift; path = VaultView.swift; sourceTree = "<group>"; };
		952750FC23F080C900AFE423 /* UnsignedIntegerExtension.swift */ = {isa = PBXFileReference; fileEncoding = 4; lastKnownFileType = sourcecode.swift; path = UnsignedIntegerExtension.swift; sourceTree = "<group>"; };
		952750FE23F0815300AFE423 /* RangeExtension.swift */ = {isa = PBXFileReference; fileEncoding = 4; lastKnownFileType = sourcecode.swift; path = RangeExtension.swift; sourceTree = "<group>"; };
		952A237823F4320800142C38 /* ContiguousBytesExtension.swift */ = {isa = PBXFileReference; fileEncoding = 4; lastKnownFileType = sourcecode.swift; path = ContiguousBytesExtension.swift; sourceTree = "<group>"; };
		952A237A23F4350100142C38 /* SecureData.swift */ = {isa = PBXFileReference; fileEncoding = 4; lastKnownFileType = sourcecode.swift; path = SecureData.swift; sourceTree = "<group>"; };
		952A237E23F44F6700142C38 /* MasterKeyContainer.swift */ = {isa = PBXFileReference; lastKnownFileType = sourcecode.swift; path = MasterKeyContainer.swift; sourceTree = "<group>"; };
		953EF2872444BB5B00627B1B /* Comparable.swift */ = {isa = PBXFileReference; fileEncoding = 4; lastKnownFileType = sourcecode.swift; path = Comparable.swift; sourceTree = "<group>"; };
		954FA4F32369D59F005BB821 /* RNGStubTestCase.swift */ = {isa = PBXFileReference; lastKnownFileType = sourcecode.swift; path = RNGStubTestCase.swift; sourceTree = "<group>"; };
		95611238243780DD00028F6E /* LoginView.swift */ = {isa = PBXFileReference; fileEncoding = 4; lastKnownFileType = sourcecode.swift; path = LoginView.swift; sourceTree = "<group>"; };
		9561123A243780F300028F6E /* VaultModel.swift */ = {isa = PBXFileReference; fileEncoding = 4; lastKnownFileType = sourcecode.swift; path = VaultModel.swift; sourceTree = "<group>"; };
		9561123C243780FC00028F6E /* LoginModel.swift */ = {isa = PBXFileReference; fileEncoding = 4; lastKnownFileType = sourcecode.swift; path = LoginModel.swift; sourceTree = "<group>"; };
		9561123E2437D45D00028F6E /* DecodeMasterKeyPublisher.swift */ = {isa = PBXFileReference; lastKnownFileType = sourcecode.swift; path = DecodeMasterKeyPublisher.swift; sourceTree = "<group>"; };
		9561124124389D6600028F6E /* MainMenuController.swift */ = {isa = PBXFileReference; lastKnownFileType = sourcecode.swift; path = MainMenuController.swift; sourceTree = "<group>"; };
		9561124424389EA400028F6E /* NSMenuExtension.swift */ = {isa = PBXFileReference; fileEncoding = 4; lastKnownFileType = sourcecode.swift; path = NSMenuExtension.swift; sourceTree = "<group>"; };
		956112782438DC9A00028F6E /* ListItem.swift */ = {isa = PBXFileReference; fileEncoding = 4; lastKnownFileType = sourcecode.swift; path = ListItem.swift; sourceTree = "<group>"; };
		9573BFB72365A8A0002BA8C5 /* Test.xctest */ = {isa = PBXFileReference; explicitFileType = wrapper.cfbundle; includeInIndex = 0; path = Test.xctest; sourceTree = BUILT_PRODUCTS_DIR; };
		957D62F2238815D7000577FE /* BridgingHeader.h */ = {isa = PBXFileReference; lastKnownFileType = sourcecode.c.h; path = BridgingHeader.h; sourceTree = "<group>"; };
		957D62F3238815D7000577FE /* CryptoWrapper.c */ = {isa = PBXFileReference; lastKnownFileType = sourcecode.c.c; path = CryptoWrapper.c; sourceTree = "<group>"; };
		95ABF6E72360D39500CA6429 /* Info.plist */ = {isa = PBXFileReference; lastKnownFileType = text.plist.xml; path = Info.plist; sourceTree = "<group>"; };
		95ACF7C9236F00B100128702 /* SymmetricKeyUnwrapMock.swift */ = {isa = PBXFileReference; lastKnownFileType = sourcecode.swift; path = SymmetricKeyUnwrapMock.swift; sourceTree = "<group>"; };
		95B20B4523BA1840005D71CD /* KeyDerivation.swift */ = {isa = PBXFileReference; lastKnownFileType = sourcecode.swift; path = KeyDerivation.swift; sourceTree = "<group>"; };
		95C12DBA2365B9C100460726 /* RNGStub.swift */ = {isa = PBXFileReference; fileEncoding = 4; lastKnownFileType = sourcecode.swift; path = RNGStub.swift; sourceTree = "<group>"; };
		95C12DBC2365B9C900460726 /* SaltTestCase.swift */ = {isa = PBXFileReference; fileEncoding = 4; lastKnownFileType = sourcecode.swift; path = SaltTestCase.swift; sourceTree = "<group>"; };
		95C12DBE2365B9D200460726 /* Salt.swift */ = {isa = PBXFileReference; fileEncoding = 4; lastKnownFileType = sourcecode.swift; path = Salt.swift; sourceTree = "<group>"; };
		95C12DC42365C5F400460726 /* KeyCryptorTestCase.swift */ = {isa = PBXFileReference; lastKnownFileType = sourcecode.swift; path = KeyCryptorTestCase.swift; sourceTree = "<group>"; };
		95CC68102381ADDE0018F923 /* Vault.xctestplan */ = {isa = PBXFileReference; lastKnownFileType = text; path = Vault.xctestplan; sourceTree = "<group>"; };
		95D1C269236CCD22001E66D7 /* SymmetricKeyWrapMock.swift */ = {isa = PBXFileReference; lastKnownFileType = sourcecode.swift; path = SymmetricKeyWrapMock.swift; sourceTree = "<group>"; };
		95D2933D2408247000FDD6F4 /* File.swift */ = {isa = PBXFileReference; fileEncoding = 4; lastKnownFileType = sourcecode.swift; path = File.swift; sourceTree = "<group>"; };
		95D2933E2408247100FDD6F4 /* Password.swift */ = {isa = PBXFileReference; fileEncoding = 4; lastKnownFileType = sourcecode.swift; path = Password.swift; sourceTree = "<group>"; };
		95D2933F2408247100FDD6F4 /* Login.swift */ = {isa = PBXFileReference; fileEncoding = 4; lastKnownFileType = sourcecode.swift; path = Login.swift; sourceTree = "<group>"; };
		95D293572408259D00FDD6F4 /* CodingError.swift */ = {isa = PBXFileReference; fileEncoding = 4; lastKnownFileType = sourcecode.swift; path = CodingError.swift; sourceTree = "<group>"; };
		95D2935C2408261700FDD6F4 /* UnsignedInteger32BitCoding.swift */ = {isa = PBXFileReference; fileEncoding = 4; lastKnownFileType = sourcecode.swift; path = UnsignedInteger32BitCoding.swift; sourceTree = "<group>"; };
		95D29360240826B200FDD6F4 /* DataContainer.swift */ = {isa = PBXFileReference; fileEncoding = 4; lastKnownFileType = sourcecode.swift; path = DataContainer.swift; sourceTree = "<group>"; };
		95D29362240826FE00FDD6F4 /* PasswordCoding.swift */ = {isa = PBXFileReference; fileEncoding = 4; lastKnownFileType = sourcecode.swift; path = PasswordCoding.swift; sourceTree = "<group>"; };
		95D29363240826FE00FDD6F4 /* FileCoding.swift */ = {isa = PBXFileReference; fileEncoding = 4; lastKnownFileType = sourcecode.swift; path = FileCoding.swift; sourceTree = "<group>"; };
		95D29364240826FE00FDD6F4 /* LoginCoding.swift */ = {isa = PBXFileReference; fileEncoding = 4; lastKnownFileType = sourcecode.swift; path = LoginCoding.swift; sourceTree = "<group>"; };
		95D29365240826FE00FDD6F4 /* SecureContainerItemCoding.swift */ = {isa = PBXFileReference; fileEncoding = 4; lastKnownFileType = sourcecode.swift; path = SecureContainerItemCoding.swift; sourceTree = "<group>"; };
		95D2936A2408286B00FDD6F4 /* ManagedBuffer.swift */ = {isa = PBXFileReference; fileEncoding = 4; lastKnownFileType = sourcecode.swift; path = ManagedBuffer.swift; sourceTree = "<group>"; };
		95D2936C2408293400FDD6F4 /* FileReader.swift */ = {isa = PBXFileReference; fileEncoding = 4; lastKnownFileType = sourcecode.swift; path = FileReader.swift; sourceTree = "<group>"; };
		95D2936F24082FAF00FDD6F4 /* SecureContainer.swift */ = {isa = PBXFileReference; fileEncoding = 4; lastKnownFileType = sourcecode.swift; path = SecureContainer.swift; sourceTree = "<group>"; };
		95F5193123F1599300C5ECA9 /* ByteBufferContext.swift */ = {isa = PBXFileReference; fileEncoding = 4; lastKnownFileType = sourcecode.swift; path = ByteBufferContext.swift; sourceTree = "<group>"; };
		95F5193323F15BCF00C5ECA9 /* KeyCryptor.swift */ = {isa = PBXFileReference; fileEncoding = 4; lastKnownFileType = sourcecode.swift; path = KeyCryptor.swift; sourceTree = "<group>"; };
		95F5193823F15DE200C5ECA9 /* DataExtension.swift */ = {isa = PBXFileReference; fileEncoding = 4; lastKnownFileType = sourcecode.swift; path = DataExtension.swift; sourceTree = "<group>"; };
		95F5193C23F1601100C5ECA9 /* SecureDataByteBuffer.swift */ = {isa = PBXFileReference; fileEncoding = 4; lastKnownFileType = sourcecode.swift; path = SecureDataByteBuffer.swift; sourceTree = "<group>"; };
		95F90413235DE97C00B1CFDB /* Vault.app */ = {isa = PBXFileReference; explicitFileType = wrapper.application; includeInIndex = 0; path = Vault.app; sourceTree = BUILT_PRODUCTS_DIR; };
		95F9041F235DEAB700B1CFDB /* macOS.entitlements */ = {isa = PBXFileReference; fileEncoding = 4; lastKnownFileType = text.plist.entitlements; path = macOS.entitlements; sourceTree = "<group>"; };
		95F90420235DEAB700B1CFDB /* main.swift */ = {isa = PBXFileReference; fileEncoding = 4; lastKnownFileType = sourcecode.swift; path = main.swift; sourceTree = "<group>"; };
		95F90421235DEAB700B1CFDB /* Info.plist */ = {isa = PBXFileReference; fileEncoding = 4; lastKnownFileType = text.plist.xml; path = Info.plist; sourceTree = "<group>"; };
/* End PBXFileReference section */

/* Begin PBXFrameworksBuildPhase section */
		9573BFB42365A8A0002BA8C5 /* Frameworks */ = {
			isa = PBXFrameworksBuildPhase;
			buildActionMask = 2147483647;
			files = (
			);
			runOnlyForDeploymentPostprocessing = 0;
		};
		95768D83235DE6F600BA7DC6 /* Frameworks */ = {
			isa = PBXFrameworksBuildPhase;
			buildActionMask = 2147483647;
			files = (
			);
			runOnlyForDeploymentPostprocessing = 0;
		};
/* End PBXFrameworksBuildPhase section */

/* Begin PBXGroup section */
		951C33942436337F002AA4CD /* Publisher */ = {
			isa = PBXGroup;
			children = (
				951C33972436348C002AA4CD /* CreateMasterKeyPublisher.swift */,
				9561123E2437D45D00028F6E /* DecodeMasterKeyPublisher.swift */,
				951C339F24364965002AA4CD /* FileExistsPublisher.swift */,
			);
			path = Publisher;
			sourceTree = "<group>";
		};
		951C339A243637A5002AA4CD /* Asset */ = {
			isa = PBXGroup;
			children = (
				951C339C2436388A002AA4CD /* Localizable.strings */,
				951C339B2436388A002AA4CD /* Localizable.swift */,
			);
			path = Asset;
			sourceTree = "<group>";
		};
		951C33A324367775002AA4CD /* Controller */ = {
			isa = PBXGroup;
			children = (
				951C33A424367786002AA4CD /* ApplicationController.swift */,
				951C33A624367A64002AA4CD /* ContentWindowController.swift */,
				9561124124389D6600028F6E /* MainMenuController.swift */,
			);
			path = Controller;
			sourceTree = "<group>";
		};
		951C33A824367F15002AA4CD /* Model */ = {
			isa = PBXGroup;
			children = (
				951C33B22436869E002AA4CD /* ContentModel.swift */,
				951C33AB24367F5D002AA4CD /* SetupModel.swift */,
				9561123C243780FC00028F6E /* LoginModel.swift */,
				9561123A243780F300028F6E /* VaultModel.swift */,
			);
			path = Model;
			sourceTree = "<group>";
		};
		951C33AD24367FEA002AA4CD /* View */ = {
			isa = PBXGroup;
			children = (
				956112782438DC9A00028F6E /* ListItem.swift */,
				951C33B424368757002AA4CD /* ContentView.swift */,
				951C33AE24368002002AA4CD /* SetupView.swift */,
				95611238243780DD00028F6E /* LoginView.swift */,
				951C33B624368848002AA4CD /* VaultView.swift */,
				951C33B024368015002AA4CD /* ActivityIndicator.swift */,
			);
			path = View;
			sourceTree = "<group>";
		};
		9561124324389E9800028F6E /* Extension */ = {
			isa = PBXGroup;
			children = (
				9561124424389EA400028F6E /* NSMenuExtension.swift */,
			);
			path = Extension;
			sourceTree = "<group>";
		};
		957B519A235C566F00201445 = {
			isa = PBXGroup;
			children = (
				95ABF6DD2360D35000CA6429 /* Test */,
				95ABF6D92360CD7C00CA6429 /* Common */,
				95F9041D235DEAB700B1CFDB /* macOS */,
				95F90413235DE97C00B1CFDB /* Vault.app */,
				9573BFB72365A8A0002BA8C5 /* Test.xctest */,
			);
			sourceTree = "<group>";
		};
		957D62F123881594000577FE /* Misc */ = {
			isa = PBXGroup;
			children = (
				957D62F3238815D7000577FE /* CryptoWrapper.c */,
				957D62F2238815D7000577FE /* BridgingHeader.h */,
			);
			path = Misc;
			sourceTree = "<group>";
		};
		95ABF6D92360CD7C00CA6429 /* Common */ = {
			isa = PBXGroup;
			children = (
				951C33A824367F15002AA4CD /* Model */,
				951C339A243637A5002AA4CD /* Asset */,
				951C33942436337F002AA4CD /* Publisher */,
				95D2936E24082FA200FDD6F4 /* Store */,
				95D29359240825F200FDD6F4 /* Utility */,
				95D293542408257000FDD6F4 /* Coding */,
				95D2933B2408243900FDD6F4 /* Data */,
				95B20B4823BA1C8C005D71CD /* Extension */,
				957D62F123881594000577FE /* Misc */,
				95ABF6DA2360CD9A00CA6429 /* Crypto */,
			);
			path = Common;
			sourceTree = "<group>";
		};
		95ABF6DA2360CD9A00CA6429 /* Crypto */ = {
			isa = PBXGroup;
			children = (
				952A237A23F4350100142C38 /* SecureData.swift */,
				95F5193C23F1601100C5ECA9 /* SecureDataByteBuffer.swift */,
				95F5193323F15BCF00C5ECA9 /* KeyCryptor.swift */,
				95B20B4523BA1840005D71CD /* KeyDerivation.swift */,
				95C12DBE2365B9D200460726 /* Salt.swift */,
				952A237E23F44F6700142C38 /* MasterKeyContainer.swift */,
			);
			path = Crypto;
			sourceTree = "<group>";
		};
		95ABF6DD2360D35000CA6429 /* Test */ = {
			isa = PBXGroup;
			children = (
				95ABF6EE2360D56600CA6429 /* Doubles */,
				95ABF6EB2360D3AC00CA6429 /* Misc */,
				95ABF6DE2360D35800CA6429 /* Cases */,
			);
			path = Test;
			sourceTree = "<group>";
		};
		95ABF6DE2360D35800CA6429 /* Cases */ = {
			isa = PBXGroup;
			children = (
				95C12DBC2365B9C900460726 /* SaltTestCase.swift */,
				95C12DC42365C5F400460726 /* KeyCryptorTestCase.swift */,
				954FA4F32369D59F005BB821 /* RNGStubTestCase.swift */,
				9517BFB3236B327D00195DC7 /* DataExtensionTestCase.swift */,
			);
			path = Cases;
			sourceTree = "<group>";
		};
		95ABF6EB2360D3AC00CA6429 /* Misc */ = {
			isa = PBXGroup;
			children = (
				95CC68102381ADDE0018F923 /* Vault.xctestplan */,
				95ABF6E72360D39500CA6429 /* Info.plist */,
			);
			path = Misc;
			sourceTree = "<group>";
		};
		95ABF6EE2360D56600CA6429 /* Doubles */ = {
			isa = PBXGroup;
			children = (
				95C12DBA2365B9C100460726 /* RNGStub.swift */,
				95D1C269236CCD22001E66D7 /* SymmetricKeyWrapMock.swift */,
				95ACF7C9236F00B100128702 /* SymmetricKeyUnwrapMock.swift */,
			);
			path = Doubles;
			sourceTree = "<group>";
		};
		95B20B4823BA1C8C005D71CD /* Extension */ = {
			isa = PBXGroup;
			children = (
				953EF2872444BB5B00627B1B /* Comparable.swift */,
				952A237823F4320800142C38 /* ContiguousBytesExtension.swift */,
				95F5193823F15DE200C5ECA9 /* DataExtension.swift */,
				952750FE23F0815300AFE423 /* RangeExtension.swift */,
				952750FC23F080C900AFE423 /* UnsignedIntegerExtension.swift */,
				951C33A124367707002AA4CD /* View.swift */,
			);
			path = Extension;
			sourceTree = "<group>";
		};
		95D2933B2408243900FDD6F4 /* Data */ = {
			isa = PBXGroup;
			children = (
				95D2933D2408247000FDD6F4 /* File.swift */,
				95D2933F2408247100FDD6F4 /* Login.swift */,
				95D2933E2408247100FDD6F4 /* Password.swift */,
			);
			path = Data;
			sourceTree = "<group>";
		};
		95D293542408257000FDD6F4 /* Coding */ = {
			isa = PBXGroup;
			children = (
				95D29363240826FE00FDD6F4 /* FileCoding.swift */,
				95D29364240826FE00FDD6F4 /* LoginCoding.swift */,
				95D29362240826FE00FDD6F4 /* PasswordCoding.swift */,
				95D29365240826FE00FDD6F4 /* SecureContainerItemCoding.swift */,
				95D293572408259D00FDD6F4 /* CodingError.swift */,
				95D2935C2408261700FDD6F4 /* UnsignedInteger32BitCoding.swift */,
			);
			path = Coding;
			sourceTree = "<group>";
		};
		95D29359240825F200FDD6F4 /* Utility */ = {
			isa = PBXGroup;
			children = (
				95D2936C2408293400FDD6F4 /* FileReader.swift */,
				95D2936A2408286B00FDD6F4 /* ManagedBuffer.swift */,
				95F5193123F1599300C5ECA9 /* ByteBufferContext.swift */,
				95D29360240826B200FDD6F4 /* DataContainer.swift */,
			);
			path = Utility;
			sourceTree = "<group>";
		};
		95D2936E24082FA200FDD6F4 /* Store */ = {
			isa = PBXGroup;
			children = (
				951C3395243633F5002AA4CD /* Vault.swift */,
				95D2936F24082FAF00FDD6F4 /* SecureContainer.swift */,
			);
			path = Store;
			sourceTree = "<group>";
		};
		95F9041D235DEAB700B1CFDB /* macOS */ = {
			isa = PBXGroup;
			children = (
				9561124324389E9800028F6E /* Extension */,
				951C33AD24367FEA002AA4CD /* View */,
				951C33A324367775002AA4CD /* Controller */,
				95F9041E235DEAB700B1CFDB /* Misc */,
			);
			path = macOS;
			sourceTree = "<group>";
		};
		95F9041E235DEAB700B1CFDB /* Misc */ = {
			isa = PBXGroup;
			children = (
				95F9041F235DEAB700B1CFDB /* macOS.entitlements */,
				95F90421235DEAB700B1CFDB /* Info.plist */,
				95F90420235DEAB700B1CFDB /* main.swift */,
			);
			path = Misc;
			sourceTree = "<group>";
		};
/* End PBXGroup section */

/* Begin PBXNativeTarget section */
		9573BFB62365A8A0002BA8C5 /* Test */ = {
			isa = PBXNativeTarget;
			buildConfigurationList = 9573BFBE2365A8A0002BA8C5 /* Build configuration list for PBXNativeTarget "Test" */;
			buildPhases = (
				9573BFB32365A8A0002BA8C5 /* Sources */,
				9573BFB42365A8A0002BA8C5 /* Frameworks */,
				9573BFB52365A8A0002BA8C5 /* Resources */,
			);
			buildRules = (
			);
			dependencies = (
				95791A6523B616780096DC79 /* PBXTargetDependency */,
			);
			name = Test;
			productName = Test;
			productReference = 9573BFB72365A8A0002BA8C5 /* Test.xctest */;
			productType = "com.apple.product-type.bundle.unit-test";
		};
		95768D85235DE6F600BA7DC6 /* Vault */ = {
			isa = PBXNativeTarget;
			buildConfigurationList = 95768D99235DE6F700BA7DC6 /* Build configuration list for PBXNativeTarget "Vault" */;
			buildPhases = (
				95768D82235DE6F600BA7DC6 /* Sources */,
				95768D83235DE6F600BA7DC6 /* Frameworks */,
				95768D84235DE6F600BA7DC6 /* Resources */,
			);
			buildRules = (
			);
			dependencies = (
			);
			name = Vault;
			productName = macOS;
			productReference = 95F90413235DE97C00B1CFDB /* Vault.app */;
			productType = "com.apple.product-type.application";
		};
/* End PBXNativeTarget section */

/* Begin PBXProject section */
		957B519B235C566F00201445 /* Project object */ = {
			isa = PBXProject;
			attributes = {
				LastSwiftUpdateCheck = 1110;
				LastUpgradeCheck = 1120;
				TargetAttributes = {
					9573BFB62365A8A0002BA8C5 = {
						CreatedOnToolsVersion = 11.1;
						LastSwiftMigration = 1110;
					};
					95768D85235DE6F600BA7DC6 = {
						CreatedOnToolsVersion = 11.1;
						LastSwiftMigration = 1120;
					};
				};
			};
			buildConfigurationList = 957B519E235C566F00201445 /* Build configuration list for PBXProject "Vault" */;
			compatibilityVersion = "Xcode 11.0";
			developmentRegion = en;
			hasScannedForEncodings = 0;
			knownRegions = (
				en,
				Base,
			);
			mainGroup = 957B519A235C566F00201445;
			productRefGroup = 957B519A235C566F00201445;
			projectDirPath = "";
			projectRoot = "";
			targets = (
				95768D85235DE6F600BA7DC6 /* Vault */,
				9573BFB62365A8A0002BA8C5 /* Test */,
			);
		};
/* End PBXProject section */

/* Begin PBXResourcesBuildPhase section */
		9573BFB52365A8A0002BA8C5 /* Resources */ = {
			isa = PBXResourcesBuildPhase;
			buildActionMask = 2147483647;
			files = (
			);
			runOnlyForDeploymentPostprocessing = 0;
		};
		95768D84235DE6F600BA7DC6 /* Resources */ = {
			isa = PBXResourcesBuildPhase;
			buildActionMask = 2147483647;
			files = (
				951C339E2436388A002AA4CD /* Localizable.strings in Resources */,
			);
			runOnlyForDeploymentPostprocessing = 0;
		};
/* End PBXResourcesBuildPhase section */

/* Begin PBXSourcesBuildPhase section */
		9573BFB32365A8A0002BA8C5 /* Sources */ = {
			isa = PBXSourcesBuildPhase;
			buildActionMask = 2147483647;
			files = (
				9561124A2438DBD100028F6E /* CreateMasterKeyPublisher.swift in Sources */,
				956112462438DBC900028F6E /* ContentModel.swift in Sources */,
				956112472438DBC900028F6E /* SetupModel.swift in Sources */,
				956112512438DBDA00028F6E /* ByteBufferContext.swift in Sources */,
				9561125D2438DBE700028F6E /* DataExtension.swift in Sources */,
				956112482438DBC900028F6E /* LoginModel.swift in Sources */,
				956112602438DBE700028F6E /* View.swift in Sources */,
				956112492438DBC900028F6E /* VaultModel.swift in Sources */,
				9517BFB4236B327D00195DC7 /* DataExtensionTestCase.swift in Sources */,
				953EF2892444BB5F00627B1B /* Comparable.swift in Sources */,
				9561125F2438DBE700028F6E /* UnsignedIntegerExtension.swift in Sources */,
				95ACF7CA236F00B100128702 /* SymmetricKeyUnwrapMock.swift in Sources */,
				956112632438DBED00028F6E /* MasterKeyContainer.swift in Sources */,
				9561125E2438DBE700028F6E /* RangeExtension.swift in Sources */,
				956112592438DBE100028F6E /* File.swift in Sources */,
				95D1C26A236CCD22001E66D7 /* SymmetricKeyWrapMock.swift in Sources */,
				95B20B4723BA1840005D71CD /* KeyDerivation.swift in Sources */,
				9561124F2438DBDA00028F6E /* FileReader.swift in Sources */,
				956112552438DBDE00028F6E /* PasswordCoding.swift in Sources */,
				956112582438DBDE00028F6E /* UnsignedInteger32BitCoding.swift in Sources */,
				956112532438DBDE00028F6E /* FileCoding.swift in Sources */,
				956112522438DBDA00028F6E /* DataContainer.swift in Sources */,
				956112622438DBED00028F6E /* SecureDataByteBuffer.swift in Sources */,
				956112542438DBDE00028F6E /* LoginCoding.swift in Sources */,
				95791A6623B61CE20096DC79 /* CryptoWrapper.c in Sources */,
				95F5193723F15D6E00C5ECA9 /* KeyCryptor.swift in Sources */,
				9561124D2438DBD700028F6E /* Vault.swift in Sources */,
				9561124B2438DBD100028F6E /* DecodeMasterKeyPublisher.swift in Sources */,
				954FA4F42369D59F005BB821 /* RNGStubTestCase.swift in Sources */,
				956112502438DBDA00028F6E /* ManagedBuffer.swift in Sources */,
				9561124E2438DBD700028F6E /* SecureContainer.swift in Sources */,
				956112612438DBED00028F6E /* SecureData.swift in Sources */,
				95C12DBB2365B9C100460726 /* RNGStub.swift in Sources */,
				956112562438DBDE00028F6E /* SecureContainerItemCoding.swift in Sources */,
				956112572438DBDE00028F6E /* CodingError.swift in Sources */,
				9561125B2438DBE100028F6E /* Password.swift in Sources */,
				9561124C2438DBD100028F6E /* FileExistsPublisher.swift in Sources */,
				9561125C2438DBE700028F6E /* ContiguousBytesExtension.swift in Sources */,
				95C12DBF2365B9D200460726 /* Salt.swift in Sources */,
				95C12DBD2365B9C900460726 /* SaltTestCase.swift in Sources */,
				95C12DC52365C5F500460726 /* KeyCryptorTestCase.swift in Sources */,
				9561125A2438DBE100028F6E /* Login.swift in Sources */,
			);
			runOnlyForDeploymentPostprocessing = 0;
		};
		95768D82235DE6F600BA7DC6 /* Sources */ = {
			isa = PBXSourcesBuildPhase;
			buildActionMask = 2147483647;
			files = (
				95D2937024082FAF00FDD6F4 /* SecureContainer.swift in Sources */,
				9561123D243780FC00028F6E /* LoginModel.swift in Sources */,
				951C33A024364965002AA4CD /* FileExistsPublisher.swift in Sources */,
				951C33A524367786002AA4CD /* ApplicationController.swift in Sources */,
				951C33AF24368002002AA4CD /* SetupView.swift in Sources */,
				95D29368240826FE00FDD6F4 /* LoginCoding.swift in Sources */,
				95F5193D23F1601100C5ECA9 /* SecureDataByteBuffer.swift in Sources */,
				953EF2882444BB5B00627B1B /* Comparable.swift in Sources */,
				95D29361240826B200FDD6F4 /* DataContainer.swift in Sources */,
				95D293582408259D00FDD6F4 /* CodingError.swift in Sources */,
				95D29369240826FE00FDD6F4 /* SecureContainerItemCoding.swift in Sources */,
				952A237F23F44F6700142C38 /* MasterKeyContainer.swift in Sources */,
				952A237B23F4350100142C38 /* SecureData.swift in Sources */,
				95D293412408247100FDD6F4 /* File.swift in Sources */,
				95F5193223F1599300C5ECA9 /* ByteBufferContext.swift in Sources */,
				952750FF23F0815300AFE423 /* RangeExtension.swift in Sources */,
				957D62F62388221C000577FE /* CryptoWrapper.c in Sources */,
				951C33A724367A64002AA4CD /* ContentWindowController.swift in Sources */,
				951C33B124368015002AA4CD /* ActivityIndicator.swift in Sources */,
				9561123F2437D45D00028F6E /* DecodeMasterKeyPublisher.swift in Sources */,
				95D293422408247100FDD6F4 /* Password.swift in Sources */,
				95B20B4623BA1840005D71CD /* KeyDerivation.swift in Sources */,
				95D2935D2408261700FDD6F4 /* UnsignedInteger32BitCoding.swift in Sources */,
				952750FD23F080C900AFE423 /* UnsignedIntegerExtension.swift in Sources */,
				95D2936D2408293400FDD6F4 /* FileReader.swift in Sources */,
				95F90422235DEAB700B1CFDB /* main.swift in Sources */,
				956112792438DC9A00028F6E /* ListItem.swift in Sources */,
				95C12DC02365B9E800460726 /* Salt.swift in Sources */,
				9561124524389EA400028F6E /* NSMenuExtension.swift in Sources */,
				95D2936B2408286B00FDD6F4 /* ManagedBuffer.swift in Sources */,
				952A237923F4320800142C38 /* ContiguousBytesExtension.swift in Sources */,
				951C339D2436388A002AA4CD /* Localizable.swift in Sources */,
				95D293432408247100FDD6F4 /* Login.swift in Sources */,
				951C33B32436869E002AA4CD /* ContentModel.swift in Sources */,
				951C33B524368757002AA4CD /* ContentView.swift in Sources */,
				95F5193423F15BCF00C5ECA9 /* KeyCryptor.swift in Sources */,
				95D29366240826FE00FDD6F4 /* PasswordCoding.swift in Sources */,
				9561123B243780F300028F6E /* VaultModel.swift in Sources */,
				95D29367240826FE00FDD6F4 /* FileCoding.swift in Sources */,
				951C33AC24367F5D002AA4CD /* SetupModel.swift in Sources */,
				95611239243780DD00028F6E /* LoginView.swift in Sources */,
				951C33A224367707002AA4CD /* View.swift in Sources */,
				951C3396243633F5002AA4CD /* Vault.swift in Sources */,
				951C33B724368848002AA4CD /* VaultView.swift in Sources */,
				9561124224389D6600028F6E /* MainMenuController.swift in Sources */,
				95F5193923F15DE200C5ECA9 /* DataExtension.swift in Sources */,
				951C33982436348C002AA4CD /* CreateMasterKeyPublisher.swift in Sources */,
			);
			runOnlyForDeploymentPostprocessing = 0;
		};
/* End PBXSourcesBuildPhase section */

/* Begin PBXTargetDependency section */
		95791A6523B616780096DC79 /* PBXTargetDependency */ = {
			isa = PBXTargetDependency;
			target = 95768D85235DE6F600BA7DC6 /* Vault */;
			targetProxy = 95791A6423B616780096DC79 /* PBXContainerItemProxy */;
		};
/* End PBXTargetDependency section */

/* Begin XCBuildConfiguration section */
		9573BFBF2365A8A0002BA8C5 /* Debug */ = {
			isa = XCBuildConfiguration;
			buildSettings = {
				ALWAYS_SEARCH_USER_PATHS = NO;
				CLANG_ANALYZER_NONNULL = YES;
				CLANG_ANALYZER_NUMBER_OBJECT_CONVERSION = YES_AGGRESSIVE;
				CLANG_CXX_LANGUAGE_STANDARD = "gnu++14";
				CLANG_CXX_LIBRARY = "libc++";
				CLANG_ENABLE_MODULES = YES;
				CLANG_ENABLE_OBJC_ARC = YES;
				CLANG_ENABLE_OBJC_WEAK = YES;
				CLANG_WARN_BLOCK_CAPTURE_AUTORELEASING = YES;
				CLANG_WARN_BOOL_CONVERSION = YES;
				CLANG_WARN_COMMA = YES;
				CLANG_WARN_CONSTANT_CONVERSION = YES;
				CLANG_WARN_DEPRECATED_OBJC_IMPLEMENTATIONS = YES;
				CLANG_WARN_DIRECT_OBJC_ISA_USAGE = YES_ERROR;
				CLANG_WARN_DOCUMENTATION_COMMENTS = YES;
				CLANG_WARN_EMPTY_BODY = YES;
				CLANG_WARN_ENUM_CONVERSION = YES;
				CLANG_WARN_INFINITE_RECURSION = YES;
				CLANG_WARN_INT_CONVERSION = YES;
				CLANG_WARN_NON_LITERAL_NULL_CONVERSION = YES;
				CLANG_WARN_OBJC_IMPLICIT_RETAIN_SELF = YES;
				CLANG_WARN_OBJC_LITERAL_CONVERSION = YES;
				CLANG_WARN_OBJC_ROOT_CLASS = YES_ERROR;
				CLANG_WARN_RANGE_LOOP_ANALYSIS = YES;
				CLANG_WARN_STRICT_PROTOTYPES = YES;
				CLANG_WARN_SUSPICIOUS_MOVE = YES;
				CLANG_WARN_UNGUARDED_AVAILABILITY = YES_AGGRESSIVE;
				CLANG_WARN_UNREACHABLE_CODE = YES;
				CLANG_WARN__DUPLICATE_METHOD_MATCH = YES;
				CODE_SIGN_STYLE = Manual;
				COMBINE_HIDPI_IMAGES = YES;
				COPY_PHASE_STRIP = NO;
				DEBUG_INFORMATION_FORMAT = dwarf;
				DEVELOPMENT_TEAM = "";
				ENABLE_STRICT_OBJC_MSGSEND = YES;
				ENABLE_TESTABILITY = YES;
				GCC_C_LANGUAGE_STANDARD = gnu11;
				GCC_DYNAMIC_NO_PIC = NO;
				GCC_NO_COMMON_BLOCKS = YES;
				GCC_OPTIMIZATION_LEVEL = 0;
				GCC_PREPROCESSOR_DEFINITIONS = (
					"DEBUG=1",
					"$(inherited)",
				);
				GCC_WARN_64_TO_32_BIT_CONVERSION = YES;
				GCC_WARN_ABOUT_RETURN_TYPE = YES_ERROR;
				GCC_WARN_UNDECLARED_SELECTOR = YES;
				GCC_WARN_UNINITIALIZED_AUTOS = YES_AGGRESSIVE;
				GCC_WARN_UNUSED_FUNCTION = YES;
				GCC_WARN_UNUSED_VARIABLE = YES;
				INFOPLIST_FILE = Test/Misc/Info.plist;
				LD_RUNPATH_SEARCH_PATHS = (
					"$(inherited)",
					"@executable_path/../Frameworks",
					"@loader_path/../Frameworks",
				);
				MTL_ENABLE_DEBUG_INFO = INCLUDE_SOURCE;
				MTL_FAST_MATH = YES;
				ONLY_ACTIVE_ARCH = YES;
				PRODUCT_BUNDLE_IDENTIFIER = dev.jmjauer.vault.test;
				PRODUCT_NAME = "$(TARGET_NAME)";
				PROVISIONING_PROFILE_SPECIFIER = "";
				SDKROOT = macosx;
				SWIFT_ACTIVE_COMPILATION_CONDITIONS = DEBUG;
				SWIFT_OBJC_BRIDGING_HEADER = Common/Misc/BridgingHeader.h;
				SWIFT_OPTIMIZATION_LEVEL = "-Onone";
				SWIFT_VERSION = 5.0;
			};
			name = Debug;
		};
		9573BFC02365A8A0002BA8C5 /* Release */ = {
			isa = XCBuildConfiguration;
			buildSettings = {
				ALWAYS_SEARCH_USER_PATHS = NO;
				CLANG_ANALYZER_NONNULL = YES;
				CLANG_ANALYZER_NUMBER_OBJECT_CONVERSION = YES_AGGRESSIVE;
				CLANG_CXX_LANGUAGE_STANDARD = "gnu++14";
				CLANG_CXX_LIBRARY = "libc++";
				CLANG_ENABLE_MODULES = YES;
				CLANG_ENABLE_OBJC_ARC = YES;
				CLANG_ENABLE_OBJC_WEAK = YES;
				CLANG_WARN_BLOCK_CAPTURE_AUTORELEASING = YES;
				CLANG_WARN_BOOL_CONVERSION = YES;
				CLANG_WARN_COMMA = YES;
				CLANG_WARN_CONSTANT_CONVERSION = YES;
				CLANG_WARN_DEPRECATED_OBJC_IMPLEMENTATIONS = YES;
				CLANG_WARN_DIRECT_OBJC_ISA_USAGE = YES_ERROR;
				CLANG_WARN_DOCUMENTATION_COMMENTS = YES;
				CLANG_WARN_EMPTY_BODY = YES;
				CLANG_WARN_ENUM_CONVERSION = YES;
				CLANG_WARN_INFINITE_RECURSION = YES;
				CLANG_WARN_INT_CONVERSION = YES;
				CLANG_WARN_NON_LITERAL_NULL_CONVERSION = YES;
				CLANG_WARN_OBJC_IMPLICIT_RETAIN_SELF = YES;
				CLANG_WARN_OBJC_LITERAL_CONVERSION = YES;
				CLANG_WARN_OBJC_ROOT_CLASS = YES_ERROR;
				CLANG_WARN_RANGE_LOOP_ANALYSIS = YES;
				CLANG_WARN_STRICT_PROTOTYPES = YES;
				CLANG_WARN_SUSPICIOUS_MOVE = YES;
				CLANG_WARN_UNGUARDED_AVAILABILITY = YES_AGGRESSIVE;
				CLANG_WARN_UNREACHABLE_CODE = YES;
				CLANG_WARN__DUPLICATE_METHOD_MATCH = YES;
				CODE_SIGN_STYLE = Manual;
				COMBINE_HIDPI_IMAGES = YES;
				COPY_PHASE_STRIP = NO;
				DEBUG_INFORMATION_FORMAT = "dwarf-with-dsym";
				DEVELOPMENT_TEAM = "";
				ENABLE_NS_ASSERTIONS = NO;
				ENABLE_STRICT_OBJC_MSGSEND = YES;
				GCC_C_LANGUAGE_STANDARD = gnu11;
				GCC_NO_COMMON_BLOCKS = YES;
				GCC_WARN_64_TO_32_BIT_CONVERSION = YES;
				GCC_WARN_ABOUT_RETURN_TYPE = YES_ERROR;
				GCC_WARN_UNDECLARED_SELECTOR = YES;
				GCC_WARN_UNINITIALIZED_AUTOS = YES_AGGRESSIVE;
				GCC_WARN_UNUSED_FUNCTION = YES;
				GCC_WARN_UNUSED_VARIABLE = YES;
				INFOPLIST_FILE = Test/Misc/Info.plist;
				LD_RUNPATH_SEARCH_PATHS = (
					"$(inherited)",
					"@executable_path/../Frameworks",
					"@loader_path/../Frameworks",
				);
				MTL_ENABLE_DEBUG_INFO = NO;
				MTL_FAST_MATH = YES;
				PRODUCT_BUNDLE_IDENTIFIER = dev.jmjauer.vault.test;
				PRODUCT_NAME = "$(TARGET_NAME)";
				PROVISIONING_PROFILE_SPECIFIER = "";
				SDKROOT = macosx;
				SWIFT_COMPILATION_MODE = wholemodule;
				SWIFT_OBJC_BRIDGING_HEADER = Common/Misc/BridgingHeader.h;
				SWIFT_OPTIMIZATION_LEVEL = "-O";
				SWIFT_VERSION = 5.0;
			};
			name = Release;
		};
		95768D97235DE6F700BA7DC6 /* Debug */ = {
			isa = XCBuildConfiguration;
			buildSettings = {
				ALWAYS_SEARCH_USER_PATHS = NO;
				CLANG_ANALYZER_NONNULL = YES;
				CLANG_ANALYZER_NUMBER_OBJECT_CONVERSION = YES_AGGRESSIVE;
				CLANG_CXX_LANGUAGE_STANDARD = "gnu++14";
				CLANG_CXX_LIBRARY = "libc++";
				CLANG_ENABLE_MODULES = YES;
				CLANG_ENABLE_OBJC_ARC = YES;
				CLANG_ENABLE_OBJC_WEAK = YES;
				CLANG_WARN_BLOCK_CAPTURE_AUTORELEASING = YES;
				CLANG_WARN_BOOL_CONVERSION = YES;
				CLANG_WARN_COMMA = YES;
				CLANG_WARN_CONSTANT_CONVERSION = YES;
				CLANG_WARN_DEPRECATED_OBJC_IMPLEMENTATIONS = YES;
				CLANG_WARN_DIRECT_OBJC_ISA_USAGE = YES_ERROR;
				CLANG_WARN_DOCUMENTATION_COMMENTS = YES;
				CLANG_WARN_EMPTY_BODY = YES;
				CLANG_WARN_ENUM_CONVERSION = YES;
				CLANG_WARN_INFINITE_RECURSION = YES;
				CLANG_WARN_INT_CONVERSION = YES;
				CLANG_WARN_NON_LITERAL_NULL_CONVERSION = YES;
				CLANG_WARN_OBJC_IMPLICIT_RETAIN_SELF = YES;
				CLANG_WARN_OBJC_LITERAL_CONVERSION = YES;
				CLANG_WARN_OBJC_ROOT_CLASS = YES_ERROR;
				CLANG_WARN_RANGE_LOOP_ANALYSIS = YES;
				CLANG_WARN_STRICT_PROTOTYPES = YES;
				CLANG_WARN_SUSPICIOUS_MOVE = YES;
				CLANG_WARN_UNGUARDED_AVAILABILITY = YES_AGGRESSIVE;
				CLANG_WARN_UNREACHABLE_CODE = YES;
				CLANG_WARN__DUPLICATE_METHOD_MATCH = YES;
				CODE_SIGN_ENTITLEMENTS = macOS/Misc/macOS.entitlements;
				CODE_SIGN_IDENTITY = "-";
				CODE_SIGN_STYLE = Manual;
				COMBINE_HIDPI_IMAGES = YES;
				COPY_PHASE_STRIP = NO;
				CURRENT_PROJECT_VERSION = 1;
				DEBUG_INFORMATION_FORMAT = dwarf;
				DEVELOPMENT_ASSET_PATHS = "";
				DEVELOPMENT_TEAM = "";
				ENABLE_HARDENED_RUNTIME = YES;
				ENABLE_PREVIEWS = YES;
				ENABLE_STRICT_OBJC_MSGSEND = YES;
				ENABLE_TESTABILITY = NO;
				GCC_C_LANGUAGE_STANDARD = gnu11;
				GCC_DYNAMIC_NO_PIC = NO;
				GCC_NO_COMMON_BLOCKS = YES;
				GCC_OPTIMIZATION_LEVEL = 0;
				GCC_PREPROCESSOR_DEFINITIONS = (
					"DEBUG=1",
					"$(inherited)",
				);
				GCC_WARN_64_TO_32_BIT_CONVERSION = YES;
				GCC_WARN_ABOUT_RETURN_TYPE = YES_ERROR;
				GCC_WARN_UNDECLARED_SELECTOR = YES;
				GCC_WARN_UNINITIALIZED_AUTOS = YES_AGGRESSIVE;
				GCC_WARN_UNUSED_FUNCTION = YES;
				GCC_WARN_UNUSED_VARIABLE = YES;
				INFOPLIST_FILE = macOS/Misc/Info.plist;
				LD_RUNPATH_SEARCH_PATHS = (
					"$(inherited)",
					"@executable_path/../Frameworks",
				);
				MACOSX_DEPLOYMENT_TARGET = 10.15;
				MARKETING_VERSION = 1.0;
				MTL_ENABLE_DEBUG_INFO = INCLUDE_SOURCE;
				MTL_FAST_MATH = YES;
				ONLY_ACTIVE_ARCH = YES;
				PRODUCT_BUNDLE_IDENTIFIER = dev.jmjauer.vault;
				PRODUCT_NAME = "$(TARGET_NAME)";
				PROVISIONING_PROFILE_SPECIFIER = "";
				SDKROOT = macosx;
				SWIFT_ACTIVE_COMPILATION_CONDITIONS = DEBUG;
				SWIFT_OBJC_BRIDGING_HEADER = Common/Misc/BridgingHeader.h;
				SWIFT_OPTIMIZATION_LEVEL = "-Onone";
				SWIFT_VERSION = 5.0;
			};
			name = Debug;
		};
		95768D98235DE6F700BA7DC6 /* Release */ = {
			isa = XCBuildConfiguration;
			buildSettings = {
				ALWAYS_SEARCH_USER_PATHS = NO;
				CLANG_ANALYZER_NONNULL = YES;
				CLANG_ANALYZER_NUMBER_OBJECT_CONVERSION = YES_AGGRESSIVE;
				CLANG_CXX_LANGUAGE_STANDARD = "gnu++14";
				CLANG_CXX_LIBRARY = "libc++";
				CLANG_ENABLE_MODULES = YES;
				CLANG_ENABLE_OBJC_ARC = YES;
				CLANG_ENABLE_OBJC_WEAK = YES;
				CLANG_WARN_BLOCK_CAPTURE_AUTORELEASING = YES;
				CLANG_WARN_BOOL_CONVERSION = YES;
				CLANG_WARN_COMMA = YES;
				CLANG_WARN_CONSTANT_CONVERSION = YES;
				CLANG_WARN_DEPRECATED_OBJC_IMPLEMENTATIONS = YES;
				CLANG_WARN_DIRECT_OBJC_ISA_USAGE = YES_ERROR;
				CLANG_WARN_DOCUMENTATION_COMMENTS = YES;
				CLANG_WARN_EMPTY_BODY = YES;
				CLANG_WARN_ENUM_CONVERSION = YES;
				CLANG_WARN_INFINITE_RECURSION = YES;
				CLANG_WARN_INT_CONVERSION = YES;
				CLANG_WARN_NON_LITERAL_NULL_CONVERSION = YES;
				CLANG_WARN_OBJC_IMPLICIT_RETAIN_SELF = YES;
				CLANG_WARN_OBJC_LITERAL_CONVERSION = YES;
				CLANG_WARN_OBJC_ROOT_CLASS = YES_ERROR;
				CLANG_WARN_RANGE_LOOP_ANALYSIS = YES;
				CLANG_WARN_STRICT_PROTOTYPES = YES;
				CLANG_WARN_SUSPICIOUS_MOVE = YES;
				CLANG_WARN_UNGUARDED_AVAILABILITY = YES_AGGRESSIVE;
				CLANG_WARN_UNREACHABLE_CODE = YES;
				CLANG_WARN__DUPLICATE_METHOD_MATCH = YES;
				CODE_SIGN_ENTITLEMENTS = macOS/Misc/macOS.entitlements;
				CODE_SIGN_IDENTITY = "-";
				CODE_SIGN_STYLE = Manual;
				COMBINE_HIDPI_IMAGES = YES;
				COPY_PHASE_STRIP = NO;
				CURRENT_PROJECT_VERSION = 1;
				DEBUG_INFORMATION_FORMAT = "dwarf-with-dsym";
				DEVELOPMENT_ASSET_PATHS = "";
				DEVELOPMENT_TEAM = "";
				ENABLE_HARDENED_RUNTIME = YES;
				ENABLE_NS_ASSERTIONS = NO;
				ENABLE_PREVIEWS = YES;
				ENABLE_STRICT_OBJC_MSGSEND = YES;
				GCC_C_LANGUAGE_STANDARD = gnu11;
				GCC_NO_COMMON_BLOCKS = YES;
				GCC_WARN_64_TO_32_BIT_CONVERSION = YES;
				GCC_WARN_ABOUT_RETURN_TYPE = YES_ERROR;
				GCC_WARN_UNDECLARED_SELECTOR = YES;
				GCC_WARN_UNINITIALIZED_AUTOS = YES_AGGRESSIVE;
				GCC_WARN_UNUSED_FUNCTION = YES;
				GCC_WARN_UNUSED_VARIABLE = YES;
				INFOPLIST_FILE = macOS/Misc/Info.plist;
				LD_RUNPATH_SEARCH_PATHS = (
					"$(inherited)",
					"@executable_path/../Frameworks",
				);
				MACOSX_DEPLOYMENT_TARGET = 10.15;
				MARKETING_VERSION = 1.0;
				MTL_ENABLE_DEBUG_INFO = NO;
				MTL_FAST_MATH = YES;
				PRODUCT_BUNDLE_IDENTIFIER = dev.jmjauer.vault;
				PRODUCT_NAME = "$(TARGET_NAME)";
				PROVISIONING_PROFILE_SPECIFIER = "";
				SDKROOT = macosx;
				SWIFT_COMPILATION_MODE = wholemodule;
				SWIFT_OBJC_BRIDGING_HEADER = Common/Misc/BridgingHeader.h;
				SWIFT_OPTIMIZATION_LEVEL = "-O";
				SWIFT_VERSION = 5.0;
			};
			name = Release;
		};
		957B519F235C566F00201445 /* Debug */ = {
			isa = XCBuildConfiguration;
			buildSettings = {
				CLANG_WARN_BLOCK_CAPTURE_AUTORELEASING = YES;
				CLANG_WARN_BOOL_CONVERSION = YES;
				CLANG_WARN_COMMA = YES;
				CLANG_WARN_CONSTANT_CONVERSION = YES;
				CLANG_WARN_DEPRECATED_OBJC_IMPLEMENTATIONS = YES;
				CLANG_WARN_EMPTY_BODY = YES;
				CLANG_WARN_ENUM_CONVERSION = YES;
				CLANG_WARN_INFINITE_RECURSION = YES;
				CLANG_WARN_INT_CONVERSION = YES;
				CLANG_WARN_NON_LITERAL_NULL_CONVERSION = YES;
				CLANG_WARN_OBJC_IMPLICIT_RETAIN_SELF = YES;
				CLANG_WARN_OBJC_LITERAL_CONVERSION = YES;
				CLANG_WARN_RANGE_LOOP_ANALYSIS = YES;
				CLANG_WARN_STRICT_PROTOTYPES = YES;
				CLANG_WARN_SUSPICIOUS_MOVE = YES;
				CLANG_WARN_UNREACHABLE_CODE = YES;
				CLANG_WARN__DUPLICATE_METHOD_MATCH = YES;
				ENABLE_STRICT_OBJC_MSGSEND = YES;
				ENABLE_TESTABILITY = YES;
				GCC_NO_COMMON_BLOCKS = YES;
				GCC_WARN_64_TO_32_BIT_CONVERSION = YES;
				GCC_WARN_ABOUT_RETURN_TYPE = YES;
				GCC_WARN_UNDECLARED_SELECTOR = YES;
				GCC_WARN_UNINITIALIZED_AUTOS = YES;
				GCC_WARN_UNUSED_FUNCTION = YES;
				GCC_WARN_UNUSED_VARIABLE = YES;
				MACOSX_DEPLOYMENT_TARGET = 10.15;
				ONLY_ACTIVE_ARCH = YES;
			};
			name = Debug;
		};
		957B51A0235C566F00201445 /* Release */ = {
			isa = XCBuildConfiguration;
			buildSettings = {
				CLANG_WARN_BLOCK_CAPTURE_AUTORELEASING = YES;
				CLANG_WARN_BOOL_CONVERSION = YES;
				CLANG_WARN_COMMA = YES;
				CLANG_WARN_CONSTANT_CONVERSION = YES;
				CLANG_WARN_DEPRECATED_OBJC_IMPLEMENTATIONS = YES;
				CLANG_WARN_EMPTY_BODY = YES;
				CLANG_WARN_ENUM_CONVERSION = YES;
				CLANG_WARN_INFINITE_RECURSION = YES;
				CLANG_WARN_INT_CONVERSION = YES;
				CLANG_WARN_NON_LITERAL_NULL_CONVERSION = YES;
				CLANG_WARN_OBJC_IMPLICIT_RETAIN_SELF = YES;
				CLANG_WARN_OBJC_LITERAL_CONVERSION = YES;
				CLANG_WARN_RANGE_LOOP_ANALYSIS = YES;
				CLANG_WARN_STRICT_PROTOTYPES = YES;
				CLANG_WARN_SUSPICIOUS_MOVE = YES;
				CLANG_WARN_UNREACHABLE_CODE = YES;
				CLANG_WARN__DUPLICATE_METHOD_MATCH = YES;
				ENABLE_STRICT_OBJC_MSGSEND = YES;
				GCC_NO_COMMON_BLOCKS = YES;
				GCC_WARN_64_TO_32_BIT_CONVERSION = YES;
				GCC_WARN_ABOUT_RETURN_TYPE = YES;
				GCC_WARN_UNDECLARED_SELECTOR = YES;
				GCC_WARN_UNINITIALIZED_AUTOS = YES;
				GCC_WARN_UNUSED_FUNCTION = YES;
				GCC_WARN_UNUSED_VARIABLE = YES;
				MACOSX_DEPLOYMENT_TARGET = 10.15;
			};
			name = Release;
		};
/* End XCBuildConfiguration section */

/* Begin XCConfigurationList section */
		9573BFBE2365A8A0002BA8C5 /* Build configuration list for PBXNativeTarget "Test" */ = {
			isa = XCConfigurationList;
			buildConfigurations = (
				9573BFBF2365A8A0002BA8C5 /* Debug */,
				9573BFC02365A8A0002BA8C5 /* Release */,
			);
			defaultConfigurationIsVisible = 0;
			defaultConfigurationName = Release;
		};
		95768D99235DE6F700BA7DC6 /* Build configuration list for PBXNativeTarget "Vault" */ = {
			isa = XCConfigurationList;
			buildConfigurations = (
				95768D97235DE6F700BA7DC6 /* Debug */,
				95768D98235DE6F700BA7DC6 /* Release */,
			);
			defaultConfigurationIsVisible = 0;
			defaultConfigurationName = Release;
		};
		957B519E235C566F00201445 /* Build configuration list for PBXProject "Vault" */ = {
			isa = XCConfigurationList;
			buildConfigurations = (
				957B519F235C566F00201445 /* Debug */,
				957B51A0235C566F00201445 /* Release */,
			);
			defaultConfigurationIsVisible = 0;
			defaultConfigurationName = Release;
		};
/* End XCConfigurationList section */
	};
	rootObject = 957B519B235C566F00201445 /* Project object */;
}
